// !$*UTF8*$!
{
	archiveVersion = 1;
	classes = {
	};
	objectVersion = 110;
	objects = {

/* Begin PBXBuildFile section */
		50474C43306E4D5F00AAE6ED /* DayRing.swift in Sources */ = {isa = PBXBuildFile; fileRef = 50474C2B306E4D5F00AAE6ED /* DayRing.swift */; };
		50474C44306E4D5F00AAE6ED /* NewEventSheet.swift in Sources */ = {isa = PBXBuildFile; fileRef = 50474C38306E4D5F00AAE6ED /* NewEventSheet.swift */; };
		50474C45306E4D5F00AAE6ED /* Models.swift in Sources */ = {isa = PBXBuildFile; fileRef = 50474C2E306E4D5F00AAE6ED /* Models.swift */; };
		50474C46306E4D5F00AAE6ED /* ImportCalendarsView.swift in Sources */ = {isa = PBXBuildFile; fileRef = 50474C36306E4D5F00AAE6ED /* ImportCalendarsView.swift */; };
		50474C47306E4D5F00AAE6ED /* CalendarImporter.swift in Sources */ = {isa = PBXBuildFile; fileRef = 50474C35306E4D5F00AAE6ED /* CalendarImporter.swift */; };
		50474C48306E4D5F00AAE6ED /* cronoOrbitApp.swift in Sources */ = {isa = PBXBuildFile; fileRef = 50474C28306E4D5F00AAE6ED /* cronoOrbitApp.swift */; };
		50474C49306E4D5F00AAE6ED /* RewardsView.swift in Sources */ = {isa = PBXBuildFile; fileRef = 50474C3A306E4D5F00AAE6ED /* RewardsView.swift */; };
		50474C4A306E4D5F00AAE6ED /* HomeView.swift in Sources */ = {isa = PBXBuildFile; fileRef = 50474C33306E4D5F00AAE6ED /* HomeView.swift */; };
		50474C4B306E4D5F00AAE6ED /* Glass.swift in Sources */ = {isa = PBXBuildFile; fileRef = 50474C2C306E4D5F00AAE6ED /* Glass.swift */; };
		50474C4C306E4D5F00AAE6ED /* RootView.swift in Sources */ = {isa = PBXBuildFile; fileRef = 50474C29306E4D5F00AAE6ED /* RootView.swift */; };
		50474C4D306E4D5F00AAE6ED /* WeekView.swift in Sources */ = {isa = PBXBuildFile; fileRef = 50474C3D306E4D5F00AAE6ED /* WeekView.swift */; };
		50474C4E306E4D5F00AAE6ED /* MonthGridView.swift in Sources */ = {isa = PBXBuildFile; fileRef = 50474C3C306E4D5F00AAE6ED /* MonthGridView.swift */; };
		50474C4F306E4D5F00AAE6ED /* EventRow.swift in Sources */ = {isa = PBXBuildFile; fileRef = 50474C32306E4D5F00AAE6ED /* EventRow.swift */; };
		50474C50306E4D5F00AAE6ED /* EventDetailView.swift in Sources */ = {isa = PBXBuildFile; fileRef = 50474C30306E4D5F00AAE6ED /* EventDetailView.swift */; };
		50474C51306E4D5F00AAE6ED /* InfoPlist.xcstrings in Resources */ = {isa = PBXBuildFile; fileRef = 50474C40306E4D5F00AAE6ED /* InfoPlist.xcstrings */; };
		50474C52306E4D5F00AAE6ED /* Localizable.xcstrings in Resources */ = {isa = PBXBuildFile; fileRef = 50474C41306E4D5F00AAE6ED /* Localizable.xcstrings */; };
		50474C56306E514E00AAE6ED /* assets.xcassets in Resources */ = {isa = PBXBuildFile; fileRef = 50474C55306E514E00AAE6ED /* assets.xcassets */; };
/* End PBXBuildFile section */

/* Begin PBXFileReference section */
		50474C28306E4D5F00AAE6ED /* cronoOrbitApp.swift */ = {isa = PBXFileReference; lastKnownFileType = sourcecode.swift; path = cronoOrbitApp.swift; sourceTree = "<group>"; };
		50474C29306E4D5F00AAE6ED /* RootView.swift */ = {isa = PBXFileReference; lastKnownFileType = sourcecode.swift; path = RootView.swift; sourceTree = "<group>"; };
		50474C2B306E4D5F00AAE6ED /* DayRing.swift */ = {isa = PBXFileReference; lastKnownFileType = sourcecode.swift; path = DayRing.swift; sourceTree = "<group>"; };
		50474C2C306E4D5F00AAE6ED /* Glass.swift */ = {isa = PBXFileReference; lastKnownFileType = sourcecode.swift; path = Glass.swift; sourceTree = "<group>"; };
		50474C2E306E4D5F00AAE6ED /* Models.swift */ = {isa = PBXFileReference; lastKnownFileType = sourcecode.swift; path = Models.swift; sourceTree = "<group>"; };
		50474C30306E4D5F00AAE6ED /* EventDetailView.swift */ = {isa = PBXFileReference; lastKnownFileType = sourcecode.swift; path = EventDetailView.swift; sourceTree = "<group>"; };
		50474C32306E4D5F00AAE6ED /* EventRow.swift */ = {isa = PBXFileReference; lastKnownFileType = sourcecode.swift; path = EventRow.swift; sourceTree = "<group>"; };
		50474C33306E4D5F00AAE6ED /* HomeView.swift */ = {isa = PBXFileReference; lastKnownFileType = sourcecode.swift; path = HomeView.swift; sourceTree = "<group>"; };
		50474C35306E4D5F00AAE6ED /* CalendarImporter.swift */ = {isa = PBXFileReference; lastKnownFileType = sourcecode.swift; path = CalendarImporter.swift; sourceTree = "<group>"; };
		50474C36306E4D5F00AAE6ED /* ImportCalendarsView.swift */ = {isa = PBXFileReference; lastKnownFileType = sourcecode.swift; path = ImportCalendarsView.swift; sourceTree = "<group>"; };
		50474C38306E4D5F00AAE6ED /* NewEventSheet.swift */ = {isa = PBXFileReference; lastKnownFileType = sourcecode.swift; path = NewEventSheet.swift; sourceTree = "<group>"; };
		50474C3A306E4D5F00AAE6ED /* RewardsView.swift */ = {isa = PBXFileReference; lastKnownFileType = sourcecode.swift; path = RewardsView.swift; sourceTree = "<group>"; };
		50474C3C306E4D5F00AAE6ED /* MonthGridView.swift */ = {isa = PBXFileReference; lastKnownFileType = sourcecode.swift; path = MonthGridView.swift; sourceTree = "<group>"; };
		50474C3D306E4D5F00AAE6ED /* WeekView.swift */ = {isa = PBXFileReference; lastKnownFileType = sourcecode.swift; path = WeekView.swift; sourceTree = "<group>"; };
		50474C40306E4D5F00AAE6ED /* InfoPlist.xcstrings */ = {isa = PBXFileReference; lastKnownFileType = text.json.xcstrings; path = InfoPlist.xcstrings; sourceTree = "<group>"; };
		50474C41306E4D5F00AAE6ED /* Localizable.xcstrings */ = {isa = PBXFileReference; lastKnownFileType = text.json.xcstrings; path = Localizable.xcstrings; sourceTree = "<group>"; };
		50474C55306E514E00AAE6ED /* assets.xcassets */ = {isa = PBXFileReference; lastKnownFileType = folder.assetcatalog; path = assets.xcassets; sourceTree = "<group>"; };
		5E44F534306CF8370082727A /* cronoOrbit.app */ = {isa = PBXFileReference; explicitFileType = wrapper.application; includeInIndex = 0; path = cronoOrbit.app; sourceTree = BUILT_PRODUCTS_DIR; };
/* End PBXFileReference section */

/* Begin PBXFrameworksBuildPhase section */
		5E44F531306CF8370082727A /* Frameworks */ = {
			isa = PBXFrameworksBuildPhase;
			files = (
			);
		};
/* End PBXFrameworksBuildPhase section */

/* Begin PBXGroup section */
		50474C2A306E4D5F00AAE6ED /* App */ = {
			isa = PBXGroup;
			children = (
				50474C28306E4D5F00AAE6ED /* cronoOrbitApp.swift */,
				50474C29306E4D5F00AAE6ED /* RootView.swift */,
			);
			path = App;
			sourceTree = "<group>";
		};
		50474C2D306E4D5F00AAE6ED /* Components */ = {
			isa = PBXGroup;
			children = (
				50474C2B306E4D5F00AAE6ED /* DayRing.swift */,
				50474C2C306E4D5F00AAE6ED /* Glass.swift */,
			);
			path = Components;
			sourceTree = "<group>";
		};
		50474C2F306E4D5F00AAE6ED /* Models */ = {
			isa = PBXGroup;
			children = (
				50474C2E306E4D5F00AAE6ED /* Models.swift */,
			);
			path = Models;
			sourceTree = "<group>";
		};
		50474C31306E4D5F00AAE6ED /* DettaglioEvento */ = {
			isa = PBXGroup;
			children = (
				50474C30306E4D5F00AAE6ED /* EventDetailView.swift */,
			);
			path = DettaglioEvento;
			sourceTree = "<group>";
		};
		50474C34306E4D5F00AAE6ED /* Home */ = {
			isa = PBXGroup;
			children = (
				50474C32306E4D5F00AAE6ED /* EventRow.swift */,
				50474C33306E4D5F00AAE6ED /* HomeView.swift */,
			);
			path = Home;
			sourceTree = "<group>";
		};
		50474C37306E4D5F00AAE6ED /* ImportaCalendari */ = {
			isa = PBXGroup;
			children = (
				50474C35306E4D5F00AAE6ED /* CalendarImporter.swift */,
				50474C36306E4D5F00AAE6ED /* ImportCalendarsView.swift */,
			);
			path = ImportaCalendari;
			sourceTree = "<group>";
		};
		50474C39306E4D5F00AAE6ED /* NuovoEvento */ = {
			isa = PBXGroup;
			children = (
				50474C38306E4D5F00AAE6ED /* NewEventSheet.swift */,
			);
			path = NuovoEvento;
			sourceTree = "<group>";
		};
		50474C3B306E4D5F00AAE6ED /* Premi */ = {
			isa = PBXGroup;
			children = (
				50474C3A306E4D5F00AAE6ED /* RewardsView.swift */,
			);
			path = Premi;
			sourceTree = "<group>";
		};
		50474C3E306E4D5F00AAE6ED /* Settimana */ = {
			isa = PBXGroup;
			children = (
				50474C3C306E4D5F00AAE6ED /* MonthGridView.swift */,
				50474C3D306E4D5F00AAE6ED /* WeekView.swift */,
			);
			path = Settimana;
			sourceTree = "<group>";
		};
		50474C3F306E4D5F00AAE6ED /* Screens */ = {
			isa = PBXGroup;
			children = (
				50474C31306E4D5F00AAE6ED /* DettaglioEvento */,
				50474C34306E4D5F00AAE6ED /* Home */,
				50474C37306E4D5F00AAE6ED /* ImportaCalendari */,
				50474C39306E4D5F00AAE6ED /* NuovoEvento */,
				50474C3B306E4D5F00AAE6ED /* Premi */,
				50474C3E306E4D5F00AAE6ED /* Settimana */,
			);
			path = Screens;
			sourceTree = "<group>";
		};
		50474C42306E4D5F00AAE6ED /* cronoOrbit  */ = {
			isa = PBXGroup;
			children = (
				50474C2A306E4D5F00AAE6ED /* App */,
				50474C2D306E4D5F00AAE6ED /* Components */,
				50474C2F306E4D5F00AAE6ED /* Models */,
				50474C3F306E4D5F00AAE6ED /* Screens */,
				50474C40306E4D5F00AAE6ED /* InfoPlist.xcstrings */,
				50474C41306E4D5F00AAE6ED /* Localizable.xcstrings */,
				50474C55306E514E00AAE6ED /* assets.xcassets */,
			);
			path = "cronoOrbit ";
			sourceTree = "<group>";
		};
		5E44F52B306CF8370082727A = {
			isa = PBXGroup;
			children = (
				50474C42306E4D5F00AAE6ED /* cronoOrbit  */,
				5E44F535306CF8370082727A /* Products */,
			);
			sourceTree = "<group>";
		};
		5E44F535306CF8370082727A /* Products */ = {
			isa = PBXGroup;
			children = (
				5E44F534306CF8370082727A /* cronoOrbit.app */,
			);
			name = Products;
			sourceTree = "<group>";
		};
/* End PBXGroup section */

/* Begin PBXNativeTarget section */
		5E44F533306CF8370082727A /* cronoOrbit */ = {
			isa = PBXNativeTarget;
			buildConfigurationList = 5E44F541306CF8380082727A /* Build configuration list for PBXNativeTarget "cronoOrbit" */;
			buildPhases = (
				5E44F530306CF8370082727A /* Sources */,
				5E44F531306CF8370082727A /* Frameworks */,
				5E44F532306CF8370082727A /* Resources */,
			);
			buildRules = (
			);
			name = cronoOrbit;
			productName = cronoOrbit;
			productReference = 5E44F534306CF8370082727A /* cronoOrbit.app */;
			productType = "com.apple.product-type.application";
		};
/* End PBXNativeTarget section */

/* Begin PBXProject section */
		5E44F52C306CF8370082727A /* Project object */ = {
			isa = PBXProject;
			attributes = {
				BuildIndependentTargetsInParallel = 1;
				LastSwiftUpdateCheck = 2700;
				LastUpgradeCheck = 2700;
				TargetAttributes = {
					5E44F533306CF8370082727A = {
						CreatedOnToolsVersion = 27.0;
					};
				};
			};
			buildConfigurationList = 5E44F52F306CF8370082727A /* Build configuration list for PBXProject "cronoOrbit" */;
			developmentRegion = en;
			hasScannedForEncodings = 0;
			knownRegions = (
				en,
				Base,
			);
			mainGroup = 5E44F52B306CF8370082727A;
			minimizedProjectReferenceProxies = 1;
			preferredProjectObjectVersion = 77;
			productRefGroup = 5E44F535306CF8370082727A /* Products */;
			projectDirPath = "";
			projectRoot = "";
			targets = (
				5E44F533306CF8370082727A /* cronoOrbit */,
			);
		};
/* End PBXProject section */

/* Begin PBXResourcesBuildPhase section */
		5E44F532306CF8370082727A /* Resources */ = {
			isa = PBXResourcesBuildPhase;
			files = (
				50474C51306E4D5F00AAE6ED /* InfoPlist.xcstrings in Resources */,
				50474C52306E4D5F00AAE6ED /* Localizable.xcstrings in Resources */,
				50474C56306E514E00AAE6ED /* assets.xcassets in Resources */,
			);
		};
/* End PBXResourcesBuildPhase section */

/* Begin PBXSourcesBuildPhase section */
		5E44F530306CF8370082727A /* Sources */ = {
			isa = PBXSourcesBuildPhase;
			files = (
				50474C43306E4D5F00AAE6ED /* DayRing.swift in Sources */,
				50474C44306E4D5F00AAE6ED /* NewEventSheet.swift in Sources */,
				50474C45306E4D5F00AAE6ED /* Models.swift in Sources */,
				50474C46306E4D5F00AAE6ED /* ImportCalendarsView.swift in Sources */,
				50474C47306E4D5F00AAE6ED /* CalendarImporter.swift in Sources */,
				50474C48306E4D5F00AAE6ED /* cronoOrbitApp.swift in Sources */,
				50474C49306E4D5F00AAE6ED /* RewardsView.swift in Sources */,
				50474C4A306E4D5F00AAE6ED /* HomeView.swift in Sources */,
				50474C4B306E4D5F00AAE6ED /* Glass.swift in Sources */,
				50474C4C306E4D5F00AAE6ED /* RootView.swift in Sources */,
				50474C4D306E4D5F00AAE6ED /* WeekView.swift in Sources */,
				50474C4E306E4D5F00AAE6ED /* MonthGridView.swift in Sources */,
				50474C4F306E4D5F00AAE6ED /* EventRow.swift in Sources */,
				50474C50306E4D5F00AAE6ED /* EventDetailView.swift in Sources */,
			);
		};
/* End PBXSourcesBuildPhase section */

/* Begin XCBuildConfiguration section */
		5E44F53F306CF8380082727A /* Debug configuration for PBXProject "cronoOrbit" */ = {
			isa = XCBuildConfiguration;
			buildSettings = {
				ALWAYS_SEARCH_USER_PATHS = NO;
				ASSETCATALOG_COMPILER_GENERATE_SWIFT_ASSET_SYMBOL_EXTENSIONS = YES;
				CLANG_ANALYZER_NONNULL = YES;
				CLANG_ANALYZER_NUMBER_OBJECT_CONVERSION = YES_AGGRESSIVE;
				CLANG_CXX_LANGUAGE_STANDARD = "gnu++20";
				CLANG_ENABLE_MODULES = YES;
				CLANG_ENABLE_OBJC_ARC = YES;
				CLANG_ENABLE_OBJC_WEAK = YES;
				CLANG_WARN_BLOCK_CAPTURE_AUTORELEASING = YES;
				CLANG_WARN_BOOL_CONVERSION = YES;
				CLANG_WARN_COMMA = YES;
				CLANG_WARN_CONSTANT_CONVERSION = YES;
				CLANG_WARN_DEPRECATED_OBJC_IMPLEMENTATIONS = YES;
				CLANG_WARN_DIRECT_OBJC_ISA_USAGE = YES_ERROR;
				CLANG_WARN_DOCUMENTATION_COMMENTS = YES;
				CLANG_WARN_EMPTY_BODY = YES;
				CLANG_WARN_ENUM_CONVERSION = YES;
				CLANG_WARN_INFINITE_RECURSION = YES;
				CLANG_WARN_INT_CONVERSION = YES;
				CLANG_WARN_NON_LITERAL_NULL_CONVERSION = YES;
				CLANG_WARN_OBJC_IMPLICIT_RETAIN_SELF = YES;
				CLANG_WARN_OBJC_LITERAL_CONVERSION = YES;
				CLANG_WARN_OBJC_ROOT_CLASS = YES_ERROR;
				CLANG_WARN_QUOTED_INCLUDE_IN_FRAMEWORK_HEADER = YES;
				CLANG_WARN_RANGE_LOOP_ANALYSIS = YES;
				CLANG_WARN_STRICT_PROTOTYPES = YES;
				CLANG_WARN_SUSPICIOUS_MOVE = YES;
				CLANG_WARN_UNGUARDED_AVAILABILITY = YES_AGGRESSIVE;
				CLANG_WARN_UNREACHABLE_CODE = YES;
				CLANG_WARN__DUPLICATE_METHOD_MATCH = YES;
				COPY_PHASE_STRIP = NO;
				DEBUG_INFORMATION_FORMAT = dwarf;
				DEVELOPMENT_TEAM = J47YM9N4SK;
				ENABLE_STRICT_OBJC_MSGSEND = YES;
				ENABLE_TESTABILITY = YES;
				ENABLE_USER_SCRIPT_SANDBOXING = YES;
				GCC_C_LANGUAGE_STANDARD = gnu17;
				GCC_DYNAMIC_NO_PIC = NO;
				GCC_NO_COMMON_BLOCKS = YES;
				GCC_OPTIMIZATION_LEVEL = 0;
				GCC_PREPROCESSOR_DEFINITIONS = (
					"DEBUG=1",
					"$(inherited)",
				);
				GCC_WARN_64_TO_32_BIT_CONVERSION = YES;
				GCC_WARN_ABOUT_RETURN_TYPE = YES_ERROR;
				GCC_WARN_UNDECLARED_SELECTOR = YES;
				GCC_WARN_UNINITIALIZED_AUTOS = YES_AGGRESSIVE;
				GCC_WARN_UNUSED_FUNCTION = YES;
				GCC_WARN_UNUSED_VARIABLE = YES;
				IPHONEOS_DEPLOYMENT_TARGET = 27.0;
				LOCALIZATION_PREFERS_STRING_CATALOGS = YES;
				MTL_ENABLE_DEBUG_INFO = INCLUDE_SOURCE;
				MTL_FAST_MATH = YES;
				ONLY_ACTIVE_ARCH = YES;
				SDKROOT = iphoneos;
				SWIFT_ACTIVE_COMPILATION_CONDITIONS = "DEBUG $(inherited)";
				SWIFT_OPTIMIZATION_LEVEL = "-Onone";
			};
			name = Debug;
		};
		5E44F540306CF8380082727A /* Release configuration for PBXProject "cronoOrbit" */ = {
			isa = XCBuildConfiguration;
			buildSettings = {
				ALWAYS_SEARCH_USER_PATHS = NO;
				ASSETCATALOG_COMPILER_GENERATE_SWIFT_ASSET_SYMBOL_EXTENSIONS = YES;
				CLANG_ANALYZER_NONNULL = YES;
				CLANG_ANALYZER_NUMBER_OBJECT_CONVERSION = YES_AGGRESSIVE;
				CLANG_CXX_LANGUAGE_STANDARD = "gnu++20";
				CLANG_ENABLE_MODULES = YES;
				CLANG_ENABLE_OBJC_ARC = YES;
				CLANG_ENABLE_OBJC_WEAK = YES;
				CLANG_WARN_BLOCK_CAPTURE_AUTORELEASING = YES;
				CLANG_WARN_BOOL_CONVERSION = YES;
				CLANG_WARN_COMMA = YES;
				CLANG_WARN_CONSTANT_CONVERSION = YES;
				CLANG_WARN_DEPRECATED_OBJC_IMPLEMENTATIONS = YES;
				CLANG_WARN_DIRECT_OBJC_ISA_USAGE = YES_ERROR;
				CLANG_WARN_DOCUMENTATION_COMMENTS = YES;
				CLANG_WARN_EMPTY_BODY = YES;
				CLANG_WARN_ENUM_CONVERSION = YES;
				CLANG_WARN_INFINITE_RECURSION = YES;
				CLANG_WARN_INT_CONVERSION = YES;
				CLANG_WARN_NON_LITERAL_NULL_CONVERSION = YES;
				CLANG_WARN_OBJC_IMPLICIT_RETAIN_SELF = YES;
				CLANG_WARN_OBJC_LITERAL_CONVERSION = YES;
				CLANG_WARN_OBJC_ROOT_CLASS = YES_ERROR;
				CLANG_WARN_QUOTED_INCLUDE_IN_FRAMEWORK_HEADER = YES;
				CLANG_WARN_RANGE_LOOP_ANALYSIS = YES;
				CLANG_WARN_STRICT_PROTOTYPES = YES;
				CLANG_WARN_SUSPICIOUS_MOVE = YES;
				CLANG_WARN_UNGUARDED_AVAILABILITY = YES_AGGRESSIVE;
				CLANG_WARN_UNREACHABLE_CODE = YES;
				CLANG_WARN__DUPLICATE_METHOD_MATCH = YES;
				COPY_PHASE_STRIP = NO;
				DEBUG_INFORMATION_FORMAT = "dwarf-with-dsym";
				DEVELOPMENT_TEAM = J47YM9N4SK;
				ENABLE_NS_ASSERTIONS = NO;
				ENABLE_STRICT_OBJC_MSGSEND = YES;
				ENABLE_USER_SCRIPT_SANDBOXING = YES;
				GCC_C_LANGUAGE_STANDARD = gnu17;
				GCC_NO_COMMON_BLOCKS = YES;
				GCC_WARN_64_TO_32_BIT_CONVERSION = YES;
				GCC_WARN_ABOUT_RETURN_TYPE = YES_ERROR;
				GCC_WARN_UNDECLARED_SELECTOR = YES;
				GCC_WARN_UNINITIALIZED_AUTOS = YES_AGGRESSIVE;
				GCC_WARN_UNUSED_FUNCTION = YES;
				GCC_WARN_UNUSED_VARIABLE = YES;
				IPHONEOS_DEPLOYMENT_TARGET = 27.0;
				LOCALIZATION_PREFERS_STRING_CATALOGS = YES;
				MTL_ENABLE_DEBUG_INFO = NO;
				MTL_FAST_MATH = YES;
				SDKROOT = iphoneos;
				SWIFT_COMPILATION_MODE = wholemodule;
				VALIDATE_PRODUCT = YES;
			};
			name = Release;
		};
		5E44F542306CF8380082727A /* Debug configuration for PBXNativeTarget "cronoOrbit" */ = {
			isa = XCBuildConfiguration;
			buildSettings = {
				ASSETCATALOG_COMPILER_APPICON_NAME = AppIcon;
				ASSETCATALOG_COMPILER_GLOBAL_ACCENT_COLOR_NAME = AccentColor;
				CODE_SIGN_STYLE = Automatic;
				CURRENT_PROJECT_VERSION = 1;
				DEVELOPMENT_TEAM = 9HDAPP52S4;
				ENABLE_PREVIEWS = YES;
				GENERATE_INFOPLIST_FILE = YES;
				INFOPLIST_FILE = "";
				INFOPLIST_KEY_NSCalendarsFullAccessUsageDescription = "serve per importare i calendari";
				INFOPLIST_KEY_UIApplicationSceneManifest_Generation = YES;
				INFOPLIST_KEY_UIApplicationSupportsIndirectInputEvents = YES;
				INFOPLIST_KEY_UILaunchScreen_Generation = YES;
				INFOPLIST_KEY_UISupportedInterfaceOrientations_iPad = "UIInterfaceOrientationPortrait UIInterfaceOrientationPortraitUpsideDown UIInterfaceOrientationLandscapeLeft UIInterfaceOrientationLandscapeRight";
				INFOPLIST_KEY_UISupportedInterfaceOrientations_iPhone = "UIInterfaceOrientationPortrait UIInterfaceOrientationLandscapeLeft UIInterfaceOrientationLandscapeRight";
				LD_RUNPATH_SEARCH_PATHS = (
					"$(inherited)",
					"@executable_path/Frameworks",
				);
				MARKETING_VERSION = 1.0;
				PRODUCT_BUNDLE_IDENTIFIER = "-fi-shgiu-shguhaspUGFHPu";
				PRODUCT_NAME = "$(TARGET_NAME)";
				STRING_CATALOG_GENERATE_SYMBOLS = YES;
				SWIFT_APPROACHABLE_CONCURRENCY = YES;
				SWIFT_DEFAULT_ACTOR_ISOLATION = MainActor;
				SWIFT_EMIT_LOC_STRINGS = YES;
				SWIFT_UPCOMING_FEATURE_MEMBER_IMPORT_VISIBILITY = YES;
				SWIFT_VERSION = 5.0;
				TARGETED_DEVICE_FAMILY = "1,2";
			};
			name = Debug;
		};
		5E44F543306CF8380082727A /* Release configuration for PBXNativeTarget "cronoOrbit" */ = {
			isa = XCBuildConfiguration;
			buildSettings = {
				ASSETCATALOG_COMPILER_APPICON_NAME = AppIcon;
				ASSETCATALOG_COMPILER_GLOBAL_ACCENT_COLOR_NAME = AccentColor;
				CODE_SIGN_STYLE = Automatic;
				CURRENT_PROJECT_VERSION = 1;
				DEVELOPMENT_TEAM = 9HDAPP52S4;
				ENABLE_PREVIEWS = YES;
				GENERATE_INFOPLIST_FILE = YES;
				INFOPLIST_FILE = "";
				INFOPLIST_KEY_NSCalendarsFullAccessUsageDescription = "serve per importare i calendari";
				INFOPLIST_KEY_UIApplicationSceneManifest_Generation = YES;
				INFOPLIST_KEY_UIApplicationSupportsIndirectInputEvents = YES;
				INFOPLIST_KEY_UILaunchScreen_Generation = YES;
				INFOPLIST_KEY_UISupportedInterfaceOrientations_iPad = "UIInterfaceOrientationPortrait UIInterfaceOrientationPortraitUpsideDown UIInterfaceOrientationLandscapeLeft UIInterfaceOrientationLandscapeRight";
				INFOPLIST_KEY_UISupportedInterfaceOrientations_iPhone = "UIInterfaceOrientationPortrait UIInterfaceOrientationLandscapeLeft UIInterfaceOrientationLandscapeRight";
				LD_RUNPATH_SEARCH_PATHS = (
					"$(inherited)",
					"@executable_path/Frameworks",
				);
				MARKETING_VERSION = 1.0;
				PRODUCT_BUNDLE_IDENTIFIER = "-fi-shgiu-shguhaspUGFHPu";
				PRODUCT_NAME = "$(TARGET_NAME)";
				STRING_CATALOG_GENERATE_SYMBOLS = YES;
				SWIFT_APPROACHABLE_CONCURRENCY = YES;
				SWIFT_DEFAULT_ACTOR_ISOLATION = MainActor;
				SWIFT_EMIT_LOC_STRINGS = YES;
				SWIFT_UPCOMING_FEATURE_MEMBER_IMPORT_VISIBILITY = YES;
				SWIFT_VERSION = 5.0;
				TARGETED_DEVICE_FAMILY = "1,2";
			};
			name = Release;
		};
/* End XCBuildConfiguration section */

/* Begin XCConfigurationList section */
		5E44F52F306CF8370082727A /* Build configuration list for PBXProject "cronoOrbit" */ = {
			isa = XCConfigurationList;
			buildConfigurations = (
				5E44F53F306CF8380082727A /* Debug configuration for PBXProject "cronoOrbit" */,
				5E44F540306CF8380082727A /* Release configuration for PBXProject "cronoOrbit" */,
			);
			defaultConfigurationName = Release;
		};
		5E44F541306CF8380082727A /* Build configuration list for PBXNativeTarget "cronoOrbit" */ = {
			isa = XCConfigurationList;
			buildConfigurations = (
				5E44F542306CF8380082727A /* Debug configuration for PBXNativeTarget "cronoOrbit" */,
				5E44F543306CF8380082727A /* Release configuration for PBXNativeTarget "cronoOrbit" */,
			);
			defaultConfigurationName = Release;
		};
/* End XCConfigurationList section */
	};
	rootObject = 5E44F52C306CF8370082727A /* Project object */;
	validationLevel = 1;
}
