// !$*UTF8*$!
{
	archiveVersion = 1;
	classes = {
	};
	objectVersion = 110;
	objects = {

/* Begin PBXBuildFile section */
		50017D6C3075058D00EA13DB /* ReportView.swift in Sources */ = {isa = PBXBuildFile; fileRef = 50017D583075058D00EA13DB /* ReportView.swift */; };
		50017D6D3075058D00EA13DB /* Scheduler.swift in Sources */ = {isa = PBXBuildFile; fileRef = 50017D433075058D00EA13DB /* Scheduler.swift */; };
		50017D6E3075058D00EA13DB /* cronoOrbitWatchApp.swift in Sources */ = {isa = PBXBuildFile; fileRef = 50017D613075058D00EA13DB /* cronoOrbitWatchApp.swift */; };
		50017D6F3075058D00EA13DB /* MonthGridView.swift in Sources */ = {isa = PBXBuildFile; fileRef = 50017D563075058D00EA13DB /* MonthGridView.swift */; };
		50017D703075058D00EA13DB /* CalendarImporter.swift in Sources */ = {isa = PBXBuildFile; fileRef = 50017D4F3075058D00EA13DB /* CalendarImporter.swift */; };
		50017D713075058D00EA13DB /* RootView.swift in Sources */ = {isa = PBXBuildFile; fileRef = 50017D3B3075058D00EA13DB /* RootView.swift */; };
		50017D723075058D00EA13DB /* EventDetailView.swift in Sources */ = {isa = PBXBuildFile; fileRef = 50017D4A3075058D00EA13DB /* EventDetailView.swift */; };
		50017D733075058D00EA13DB /* AssistantService.swift in Sources */ = {isa = PBXBuildFile; fileRef = 50017D453075058D00EA13DB /* AssistantService.swift */; };
		50017D743075058D00EA13DB /* ReportCalculator.swift in Sources */ = {isa = PBXBuildFile; fileRef = 50017D573075058D00EA13DB /* ReportCalculator.swift */; };
		50017D753075058D00EA13DB /* EventMatcher.swift in Sources */ = {isa = PBXBuildFile; fileRef = 50017D423075058D00EA13DB /* EventMatcher.swift */; };
		50017D763075058D00EA13DB /* NewEventSheet.swift in Sources */ = {isa = PBXBuildFile; fileRef = 50017D523075058D00EA13DB /* NewEventSheet.swift */; };
		50017D773075058D00EA13DB /* WatchHomeView.swift in Sources */ = {isa = PBXBuildFile; fileRef = 50017D653075058D00EA13DB /* WatchHomeView.swift */; };
		50017D783075058D00EA13DB /* AssistantViewModel.swift in Sources */ = {isa = PBXBuildFile; fileRef = 50017D473075058D00EA13DB /* AssistantViewModel.swift */; };
		50017D793075058D00EA13DB /* RewardsView.swift in Sources */ = {isa = PBXBuildFile; fileRef = 50017D543075058D00EA13DB /* RewardsView.swift */; };
		50017D7A3075058D00EA13DB /* DayRing.swift in Sources */ = {isa = PBXBuildFile; fileRef = 50017D3D3075058D00EA13DB /* DayRing.swift */; };
		50017D7B3075058D00EA13DB /* LocalParser.swift in Sources */ = {isa = PBXBuildFile; fileRef = 50017D483075058D00EA13DB /* LocalParser.swift */; };
		50017D7C3075058D00EA13DB /* VerificationCard.swift in Sources */ = {isa = PBXBuildFile; fileRef = 50017D5D3075058D00EA13DB /* VerificationCard.swift */; };
		50017D7D3075058D00EA13DB /* VerificationView.swift in Sources */ = {isa = PBXBuildFile; fileRef = 50017D5E3075058D00EA13DB /* VerificationView.swift */; };
		50017D7E3075058D00EA13DB /* NotificationManager.swift in Sources */ = {isa = PBXBuildFile; fileRef = 50017D5C3075058D00EA13DB /* NotificationManager.swift */; };
		50017D7F3075058D00EA13DB /* WatchEventDetailView.swift in Sources */ = {isa = PBXBuildFile; fileRef = 50017D633075058D00EA13DB /* WatchEventDetailView.swift */; };
		50017D803075058D00EA13DB /* WatchSessionManager.swift in Sources */ = {isa = PBXBuildFile; fileRef = 50017D663075058D00EA13DB /* WatchSessionManager.swift */; };
		50017D813075058D00EA13DB /* AssistantView.swift in Sources */ = {isa = PBXBuildFile; fileRef = 50017D463075058D00EA13DB /* AssistantView.swift */; };
		50017D823075058D00EA13DB /* PhoneConnectivity.swift in Sources */ = {isa = PBXBuildFile; fileRef = 50017D3A3075058D00EA13DB /* PhoneConnectivity.swift */; };
		50017D833075058D00EA13DB /* WeekView.swift in Sources */ = {isa = PBXBuildFile; fileRef = 50017D593075058D00EA13DB /* WeekView.swift */; };
		50017D843075058D00EA13DB /* ImportCalendarsView.swift in Sources */ = {isa = PBXBuildFile; fileRef = 50017D503075058D00EA13DB /* ImportCalendarsView.swift */; };
		50017D853075058D00EA13DB /* VerifyRow.swift in Sources */ = {isa = PBXBuildFile; fileRef = 50017D5F3075058D00EA13DB /* VerifyRow.swift */; };
		50017D863075058D00EA13DB /* HomeView.swift in Sources */ = {isa = PBXBuildFile; fileRef = 50017D4D3075058D00EA13DB /* HomeView.swift */; };
		50017D873075058D00EA13DB /* EventRow.swift in Sources */ = {isa = PBXBuildFile; fileRef = 50017D4C3075058D00EA13DB /* EventRow.swift */; };
		50017D883075058D00EA13DB /* WatchEventStore.swift in Sources */ = {isa = PBXBuildFile; fileRef = 50017D643075058D00EA13DB /* WatchEventStore.swift */; };
		50017D893075058D00EA13DB /* WatchCalendarImporter.swift in Sources */ = {isa = PBXBuildFile; fileRef = 50017D623075058D00EA13DB /* WatchCalendarImporter.swift */; };
		50017D8A3075058D00EA13DB /* Models.swift in Sources */ = {isa = PBXBuildFile; fileRef = 50017D403075058D00EA13DB /* Models.swift */; };
		50017D8B3075058D00EA13DB /* Glass.swift in Sources */ = {isa = PBXBuildFile; fileRef = 50017D3E3075058D00EA13DB /* Glass.swift */; };
		50017D8C3075058D00EA13DB /* cronoOrbitApp.swift in Sources */ = {isa = PBXBuildFile; fileRef = 50017D393075058D00EA13DB /* cronoOrbitApp.swift */; };
		50017D8D3075058D00EA13DB /* Assets.xcassets in Resources */ = {isa = PBXBuildFile; fileRef = 50017D683075058D00EA13DB /* Assets.xcassets */; };
		50017D8E3075058D00EA13DB /* Localizable.xcstrings in Resources */ = {isa = PBXBuildFile; fileRef = 50017D6A3075058D00EA13DB /* Localizable.xcstrings */; };
		50017D8F3075058D00EA13DB /* InfoPlist.xcstrings in Resources */ = {isa = PBXBuildFile; fileRef = 50017D693075058D00EA13DB /* InfoPlist.xcstrings */; };
		50017D903075058D00EA13DB /* Assets.xcassets in Resources */ = {isa = PBXBuildFile; fileRef = 50017D683075058D00EA13DB /* Assets.xcassets */; };
		50017D913075058D00EA13DB /* Localizable.xcstrings in Resources */ = {isa = PBXBuildFile; fileRef = 50017D6A3075058D00EA13DB /* Localizable.xcstrings */; };
		50017D923075058D00EA13DB /* InfoPlist.xcstrings in Resources */ = {isa = PBXBuildFile; fileRef = 50017D693075058D00EA13DB /* InfoPlist.xcstrings */; };
		50017D933075058D00EA13DB /* ReportView.swift in Sources */ = {isa = PBXBuildFile; fileRef = 50017D583075058D00EA13DB /* ReportView.swift */; };
		50017D943075058D00EA13DB /* Scheduler.swift in Sources */ = {isa = PBXBuildFile; fileRef = 50017D433075058D00EA13DB /* Scheduler.swift */; };
		50017D953075058D00EA13DB /* cronoOrbitWatchApp.swift in Sources */ = {isa = PBXBuildFile; fileRef = 50017D613075058D00EA13DB /* cronoOrbitWatchApp.swift */; };
		50017D963075058D00EA13DB /* MonthGridView.swift in Sources */ = {isa = PBXBuildFile; fileRef = 50017D563075058D00EA13DB /* MonthGridView.swift */; };
		50017D973075058D00EA13DB /* CalendarImporter.swift in Sources */ = {isa = PBXBuildFile; fileRef = 50017D4F3075058D00EA13DB /* CalendarImporter.swift */; };
		50017D983075058D00EA13DB /* RootView.swift in Sources */ = {isa = PBXBuildFile; fileRef = 50017D3B3075058D00EA13DB /* RootView.swift */; };
		50017D993075058D00EA13DB /* EventDetailView.swift in Sources */ = {isa = PBXBuildFile; fileRef = 50017D4A3075058D00EA13DB /* EventDetailView.swift */; };
		50017D9A3075058D00EA13DB /* AssistantService.swift in Sources */ = {isa = PBXBuildFile; fileRef = 50017D453075058D00EA13DB /* AssistantService.swift */; };
		50017D9B3075058D00EA13DB /* ReportCalculator.swift in Sources */ = {isa = PBXBuildFile; fileRef = 50017D573075058D00EA13DB /* ReportCalculator.swift */; };
		50017D9C3075058D00EA13DB /* EventMatcher.swift in Sources */ = {isa = PBXBuildFile; fileRef = 50017D423075058D00EA13DB /* EventMatcher.swift */; };
		50017D9D3075058D00EA13DB /* NewEventSheet.swift in Sources */ = {isa = PBXBuildFile; fileRef = 50017D523075058D00EA13DB /* NewEventSheet.swift */; };
		50017D9E3075058D00EA13DB /* WatchHomeView.swift in Sources */ = {isa = PBXBuildFile; fileRef = 50017D653075058D00EA13DB /* WatchHomeView.swift */; };
		50017D9F3075058D00EA13DB /* AssistantViewModel.swift in Sources */ = {isa = PBXBuildFile; fileRef = 50017D473075058D00EA13DB /* AssistantViewModel.swift */; };
		50017DA03075058D00EA13DB /* RewardsView.swift in Sources */ = {isa = PBXBuildFile; fileRef = 50017D543075058D00EA13DB /* RewardsView.swift */; };
		50017DA13075058D00EA13DB /* DayRing.swift in Sources */ = {isa = PBXBuildFile; fileRef = 50017D3D3075058D00EA13DB /* DayRing.swift */; };
		50017DA23075058D00EA13DB /* LocalParser.swift in Sources */ = {isa = PBXBuildFile; fileRef = 50017D483075058D00EA13DB /* LocalParser.swift */; };
		50017DA33075058D00EA13DB /* VerificationCard.swift in Sources */ = {isa = PBXBuildFile; fileRef = 50017D5D3075058D00EA13DB /* VerificationCard.swift */; };
		50017DA43075058D00EA13DB /* VerificationView.swift in Sources */ = {isa = PBXBuildFile; fileRef = 50017D5E3075058D00EA13DB /* VerificationView.swift */; };
		50017DA53075058D00EA13DB /* NotificationManager.swift in Sources */ = {isa = PBXBuildFile; fileRef = 50017D5C3075058D00EA13DB /* NotificationManager.swift */; };
		50017DA63075058D00EA13DB /* WatchEventDetailView.swift in Sources */ = {isa = PBXBuildFile; fileRef = 50017D633075058D00EA13DB /* WatchEventDetailView.swift */; };
		50017DA73075058D00EA13DB /* WatchSessionManager.swift in Sources */ = {isa = PBXBuildFile; fileRef = 50017D663075058D00EA13DB /* WatchSessionManager.swift */; };
		50017DA83075058D00EA13DB /* AssistantView.swift in Sources */ = {isa = PBXBuildFile; fileRef = 50017D463075058D00EA13DB /* AssistantView.swift */; };
		50017DA93075058D00EA13DB /* PhoneConnectivity.swift in Sources */ = {isa = PBXBuildFile; fileRef = 50017D3A3075058D00EA13DB /* PhoneConnectivity.swift */; };
		50017DAA3075058D00EA13DB /* WeekView.swift in Sources */ = {isa = PBXBuildFile; fileRef = 50017D593075058D00EA13DB /* WeekView.swift */; };
		50017DAB3075058D00EA13DB /* ImportCalendarsView.swift in Sources */ = {isa = PBXBuildFile; fileRef = 50017D503075058D00EA13DB /* ImportCalendarsView.swift */; };
		50017DAC3075058D00EA13DB /* VerifyRow.swift in Sources */ = {isa = PBXBuildFile; fileRef = 50017D5F3075058D00EA13DB /* VerifyRow.swift */; };
		50017DAD3075058D00EA13DB /* HomeView.swift in Sources */ = {isa = PBXBuildFile; fileRef = 50017D4D3075058D00EA13DB /* HomeView.swift */; };
		50017DAE3075058D00EA13DB /* EventRow.swift in Sources */ = {isa = PBXBuildFile; fileRef = 50017D4C3075058D00EA13DB /* EventRow.swift */; };
		50017DAF3075058D00EA13DB /* WatchEventStore.swift in Sources */ = {isa = PBXBuildFile; fileRef = 50017D643075058D00EA13DB /* WatchEventStore.swift */; };
		50017DB03075058D00EA13DB /* WatchCalendarImporter.swift in Sources */ = {isa = PBXBuildFile; fileRef = 50017D623075058D00EA13DB /* WatchCalendarImporter.swift */; };
		50017DB13075058D00EA13DB /* Models.swift in Sources */ = {isa = PBXBuildFile; fileRef = 50017D403075058D00EA13DB /* Models.swift */; };
		50017DB23075058D00EA13DB /* Glass.swift in Sources */ = {isa = PBXBuildFile; fileRef = 50017D3E3075058D00EA13DB /* Glass.swift */; };
		50017DB33075058D00EA13DB /* cronoOrbitApp.swift in Sources */ = {isa = PBXBuildFile; fileRef = 50017D393075058D00EA13DB /* cronoOrbitApp.swift */; };
		50474C7A306E5A4600AAE6ED /* cronoOrbit watch Watch App.app in Embed Watch Content */ = {isa = PBXBuildFile; fileRef = 50474C5B306E5A4500AAE6ED /* cronoOrbit watch Watch App.app */; settings = {ATTRIBUTES = (RemoveHeadersOnCopy, ); }; };
		5E9F4E523075084C004DF84B /* MedalDetailView.swift in Sources */ = {isa = PBXBuildFile; fileRef = 5E9F4E513075084C004DF84B /* MedalDetailView.swift */; };
		5E9F4E533075084C004DF84B /* MedalDetailView.swift in Sources */ = {isa = PBXBuildFile; fileRef = 5E9F4E513075084C004DF84B /* MedalDetailView.swift */; };
		5E9F4E5530750874004DF84B /* RewardsCategoryDetailView.swift in Sources */ = {isa = PBXBuildFile; fileRef = 5E9F4E5430750874004DF84B /* RewardsCategoryDetailView.swift */; };
		5E9F4E5630750874004DF84B /* RewardsCategoryDetailView.swift in Sources */ = {isa = PBXBuildFile; fileRef = 5E9F4E5430750874004DF84B /* RewardsCategoryDetailView.swift */; };
		5E9F4E5B3075132F004DF84B /* ProgressManager.swift in Sources */ = {isa = PBXBuildFile; fileRef = 5E9F4E5A3075132F004DF84B /* ProgressManager.swift */; };
		5E9F4E5C3075132F004DF84B /* ProgressManager.swift in Sources */ = {isa = PBXBuildFile; fileRef = 5E9F4E5A3075132F004DF84B /* ProgressManager.swift */; };
/* End PBXBuildFile section */

/* Begin PBXContainerItemProxy section */
		50474C68306E5A4600AAE6ED /* PBXContainerItemProxy */ = {
			isa = PBXContainerItemProxy;
			containerPortal = 5E44F52C306CF8370082727A /* Project object */;
			proxyType = 1;
			remoteGlobalIDString = 50474C5A306E5A4500AAE6ED;
			remoteInfo = "cronoOrbit watch Watch App";
		};
		50474C72306E5A4600AAE6ED /* PBXContainerItemProxy */ = {
			isa = PBXContainerItemProxy;
			containerPortal = 5E44F52C306CF8370082727A /* Project object */;
			proxyType = 1;
			remoteGlobalIDString = 50474C5A306E5A4500AAE6ED;
			remoteInfo = "cronoOrbit watch Watch App";
		};
		50474C77306E5A4600AAE6ED /* PBXContainerItemProxy */ = {
			isa = PBXContainerItemProxy;
			containerPortal = 5E44F52C306CF8370082727A /* Project object */;
			proxyType = 1;
			remoteGlobalIDString = 50474C5A306E5A4500AAE6ED;
			remoteInfo = "cronoOrbit watch Watch App";
		};
		5E713991306E6ED20003BFC3 /* PBXContainerItemProxy */ = {
			isa = PBXContainerItemProxy;
			containerPortal = 5E44F52C306CF8370082727A /* Project object */;
			proxyType = 1;
			remoteGlobalIDString = 5E44F533306CF8370082727A;
			remoteInfo = cronoOrbit;
		};
/* End PBXContainerItemProxy section */

/* Begin PBXCopyFilesBuildPhase section */
		50474C79306E5A4600AAE6ED /* Embed Watch Content */ = {
			isa = PBXCopyFilesBuildPhase;
			dstPath = "$(CONTENTS_FOLDER_PATH)/Watch";
			dstSubfolder = Product;
			files = (
				50474C7A306E5A4600AAE6ED /* cronoOrbit watch Watch App.app in Embed Watch Content */,
			);
			name = "Embed Watch Content";
		};
/* End PBXCopyFilesBuildPhase section */

/* Begin PBXFileReference section */
		50017D393075058D00EA13DB /* cronoOrbitApp.swift */ = {isa = PBXFileReference; lastKnownFileType = sourcecode.swift; path = cronoOrbitApp.swift; sourceTree = "<group>"; };
		50017D3A3075058D00EA13DB /* PhoneConnectivity.swift */ = {isa = PBXFileReference; lastKnownFileType = sourcecode.swift; path = PhoneConnectivity.swift; sourceTree = "<group>"; };
		50017D3B3075058D00EA13DB /* RootView.swift */ = {isa = PBXFileReference; lastKnownFileType = sourcecode.swift; path = RootView.swift; sourceTree = "<group>"; };
		50017D3D3075058D00EA13DB /* DayRing.swift */ = {isa = PBXFileReference; lastKnownFileType = sourcecode.swift; path = DayRing.swift; sourceTree = "<group>"; };
		50017D3E3075058D00EA13DB /* Glass.swift */ = {isa = PBXFileReference; lastKnownFileType = sourcecode.swift; path = Glass.swift; sourceTree = "<group>"; };
		50017D403075058D00EA13DB /* Models.swift */ = {isa = PBXFileReference; lastKnownFileType = sourcecode.swift; path = Models.swift; sourceTree = "<group>"; };
		50017D423075058D00EA13DB /* EventMatcher.swift */ = {isa = PBXFileReference; lastKnownFileType = sourcecode.swift; path = EventMatcher.swift; sourceTree = "<group>"; };
		50017D433075058D00EA13DB /* Scheduler.swift */ = {isa = PBXFileReference; lastKnownFileType = sourcecode.swift; path = Scheduler.swift; sourceTree = "<group>"; };
		50017D453075058D00EA13DB /* AssistantService.swift */ = {isa = PBXFileReference; lastKnownFileType = sourcecode.swift; path = AssistantService.swift; sourceTree = "<group>"; };
		50017D463075058D00EA13DB /* AssistantView.swift */ = {isa = PBXFileReference; lastKnownFileType = sourcecode.swift; path = AssistantView.swift; sourceTree = "<group>"; };
		50017D473075058D00EA13DB /* AssistantViewModel.swift */ = {isa = PBXFileReference; lastKnownFileType = sourcecode.swift; path = AssistantViewModel.swift; sourceTree = "<group>"; };
		50017D483075058D00EA13DB /* LocalParser.swift */ = {isa = PBXFileReference; lastKnownFileType = sourcecode.swift; path = LocalParser.swift; sourceTree = "<group>"; };
		50017D4A3075058D00EA13DB /* EventDetailView.swift */ = {isa = PBXFileReference; lastKnownFileType = sourcecode.swift; path = EventDetailView.swift; sourceTree = "<group>"; };
		50017D4C3075058D00EA13DB /* EventRow.swift */ = {isa = PBXFileReference; lastKnownFileType = sourcecode.swift; path = EventRow.swift; sourceTree = "<group>"; };
		50017D4D3075058D00EA13DB /* HomeView.swift */ = {isa = PBXFileReference; lastKnownFileType = sourcecode.swift; path = HomeView.swift; sourceTree = "<group>"; };
		50017D4F3075058D00EA13DB /* CalendarImporter.swift */ = {isa = PBXFileReference; lastKnownFileType = sourcecode.swift; path = CalendarImporter.swift; sourceTree = "<group>"; };
		50017D503075058D00EA13DB /* ImportCalendarsView.swift */ = {isa = PBXFileReference; lastKnownFileType = sourcecode.swift; path = ImportCalendarsView.swift; sourceTree = "<group>"; };
		50017D523075058D00EA13DB /* NewEventSheet.swift */ = {isa = PBXFileReference; lastKnownFileType = sourcecode.swift; path = NewEventSheet.swift; sourceTree = "<group>"; };
		50017D543075058D00EA13DB /* RewardsView.swift */ = {isa = PBXFileReference; lastKnownFileType = sourcecode.swift; path = RewardsView.swift; sourceTree = "<group>"; };
		50017D563075058D00EA13DB /* MonthGridView.swift */ = {isa = PBXFileReference; lastKnownFileType = sourcecode.swift; path = MonthGridView.swift; sourceTree = "<group>"; };
		50017D573075058D00EA13DB /* ReportCalculator.swift */ = {isa = PBXFileReference; lastKnownFileType = sourcecode.swift; path = ReportCalculator.swift; sourceTree = "<group>"; };
		50017D583075058D00EA13DB /* ReportView.swift */ = {isa = PBXFileReference; lastKnownFileType = sourcecode.swift; path = ReportView.swift; sourceTree = "<group>"; };
		50017D593075058D00EA13DB /* WeekView.swift */ = {isa = PBXFileReference; lastKnownFileType = sourcecode.swift; path = WeekView.swift; sourceTree = "<group>"; };
		50017D5C3075058D00EA13DB /* NotificationManager.swift */ = {isa = PBXFileReference; lastKnownFileType = sourcecode.swift; path = NotificationManager.swift; sourceTree = "<group>"; };
		50017D5D3075058D00EA13DB /* VerificationCard.swift */ = {isa = PBXFileReference; lastKnownFileType = sourcecode.swift; path = VerificationCard.swift; sourceTree = "<group>"; };
		50017D5E3075058D00EA13DB /* VerificationView.swift */ = {isa = PBXFileReference; lastKnownFileType = sourcecode.swift; path = VerificationView.swift; sourceTree = "<group>"; };
		50017D5F3075058D00EA13DB /* VerifyRow.swift */ = {isa = PBXFileReference; lastKnownFileType = sourcecode.swift; path = VerifyRow.swift; sourceTree = "<group>"; };
		50017D613075058D00EA13DB /* cronoOrbitWatchApp.swift */ = {isa = PBXFileReference; lastKnownFileType = sourcecode.swift; path = cronoOrbitWatchApp.swift; sourceTree = "<group>"; };
		50017D623075058D00EA13DB /* WatchCalendarImporter.swift */ = {isa = PBXFileReference; lastKnownFileType = sourcecode.swift; path = WatchCalendarImporter.swift; sourceTree = "<group>"; };
		50017D633075058D00EA13DB /* WatchEventDetailView.swift */ = {isa = PBXFileReference; lastKnownFileType = sourcecode.swift; path = WatchEventDetailView.swift; sourceTree = "<group>"; };
		50017D643075058D00EA13DB /* WatchEventStore.swift */ = {isa = PBXFileReference; lastKnownFileType = sourcecode.swift; path = WatchEventStore.swift; sourceTree = "<group>"; };
		50017D653075058D00EA13DB /* WatchHomeView.swift */ = {isa = PBXFileReference; lastKnownFileType = sourcecode.swift; path = WatchHomeView.swift; sourceTree = "<group>"; };
		50017D663075058D00EA13DB /* WatchSessionManager.swift */ = {isa = PBXFileReference; lastKnownFileType = sourcecode.swift; path = WatchSessionManager.swift; sourceTree = "<group>"; };
		50017D683075058D00EA13DB /* Assets.xcassets */ = {isa = PBXFileReference; lastKnownFileType = folder.assetcatalog; path = Assets.xcassets; sourceTree = "<group>"; };
		50017D693075058D00EA13DB /* InfoPlist.xcstrings */ = {isa = PBXFileReference; lastKnownFileType = text.json.xcstrings; path = InfoPlist.xcstrings; sourceTree = "<group>"; };
		50017D6A3075058D00EA13DB /* Localizable.xcstrings */ = {isa = PBXFileReference; lastKnownFileType = text.json.xcstrings; path = Localizable.xcstrings; sourceTree = "<group>"; };
		50474C5B306E5A4500AAE6ED /* cronoOrbit watch Watch App.app */ = {isa = PBXFileReference; explicitFileType = wrapper.application; includeInIndex = 0; path = "cronoOrbit watch Watch App.app"; sourceTree = BUILT_PRODUCTS_DIR; };
		50474C67306E5A4600AAE6ED /* cronoOrbit watch Watch AppTests.xctest */ = {isa = PBXFileReference; explicitFileType = wrapper.cfbundle; includeInIndex = 0; path = "cronoOrbit watch Watch AppTests.xctest"; sourceTree = BUILT_PRODUCTS_DIR; };
		50474C71306E5A4600AAE6ED /* cronoOrbit watch Watch AppUITests.xctest */ = {isa = PBXFileReference; explicitFileType = wrapper.cfbundle; includeInIndex = 0; path = "cronoOrbit watch Watch AppUITests.xctest"; sourceTree = BUILT_PRODUCTS_DIR; };
		5E44F534306CF8370082727A /* cronoOrbit.app */ = {isa = PBXFileReference; explicitFileType = wrapper.application; includeInIndex = 0; path = cronoOrbit.app; sourceTree = BUILT_PRODUCTS_DIR; };
		5E9F4E513075084C004DF84B /* MedalDetailView.swift */ = {isa = PBXFileReference; lastKnownFileType = sourcecode.swift; path = MedalDetailView.swift; sourceTree = "<group>"; };
		5E9F4E5430750874004DF84B /* RewardsCategoryDetailView.swift */ = {isa = PBXFileReference; lastKnownFileType = sourcecode.swift; path = RewardsCategoryDetailView.swift; sourceTree = "<group>"; };
		5E9F4E5A3075132F004DF84B /* ProgressManager.swift */ = {isa = PBXFileReference; lastKnownFileType = sourcecode.swift; path = ProgressManager.swift; sourceTree = "<group>"; };
/* End PBXFileReference section */

/* Begin PBXFrameworksBuildPhase section */
		50474C58306E5A4500AAE6ED /* Frameworks */ = {
			isa = PBXFrameworksBuildPhase;
			files = (
			);
		};
		50474C64306E5A4600AAE6ED /* Frameworks */ = {
			isa = PBXFrameworksBuildPhase;
			files = (
			);
		};
		50474C6E306E5A4600AAE6ED /* Frameworks */ = {
			isa = PBXFrameworksBuildPhase;
			files = (
			);
		};
		5E44F531306CF8370082727A /* Frameworks */ = {
			isa = PBXFrameworksBuildPhase;
			files = (
			);
		};
/* End PBXFrameworksBuildPhase section */

/* Begin PBXGroup section */
		50017D3C3075058D00EA13DB /* App */ = {
			isa = PBXGroup;
			children = (
				50017D393075058D00EA13DB /* cronoOrbitApp.swift */,
				50017D3A3075058D00EA13DB /* PhoneConnectivity.swift */,
				50017D3B3075058D00EA13DB /* RootView.swift */,
			);
			path = App;
			sourceTree = "<group>";
		};
		50017D3F3075058D00EA13DB /* Components */ = {
			isa = PBXGroup;
			children = (
				50017D3D3075058D00EA13DB /* DayRing.swift */,
				50017D3E3075058D00EA13DB /* Glass.swift */,
			);
			path = Components;
			sourceTree = "<group>";
		};
		50017D413075058D00EA13DB /* Models */ = {
			isa = PBXGroup;
			children = (
				50017D403075058D00EA13DB /* Models.swift */,
			);
			path = Models;
			sourceTree = "<group>";
		};
		50017D443075058D00EA13DB /* Scheduling */ = {
			isa = PBXGroup;
			children = (
				50017D423075058D00EA13DB /* EventMatcher.swift */,
				50017D433075058D00EA13DB /* Scheduler.swift */,
			);
			path = Scheduling;
			sourceTree = "<group>";
		};
		50017D493075058D00EA13DB /* Assistente */ = {
			isa = PBXGroup;
			children = (
				50017D453075058D00EA13DB /* AssistantService.swift */,
				50017D463075058D00EA13DB /* AssistantView.swift */,
				50017D473075058D00EA13DB /* AssistantViewModel.swift */,
				50017D483075058D00EA13DB /* LocalParser.swift */,
			);
			path = Assistente;
			sourceTree = "<group>";
		};
		50017D4B3075058D00EA13DB /* DettaglioEvento */ = {
			isa = PBXGroup;
			children = (
				50017D4A3075058D00EA13DB /* EventDetailView.swift */,
			);
			path = DettaglioEvento;
			sourceTree = "<group>";
		};
		50017D4E3075058D00EA13DB /* Home */ = {
			isa = PBXGroup;
			children = (
				50017D4C3075058D00EA13DB /* EventRow.swift */,
				50017D4D3075058D00EA13DB /* HomeView.swift */,
			);
			path = Home;
			sourceTree = "<group>";
		};
		50017D513075058D00EA13DB /* ImportaCalendari */ = {
			isa = PBXGroup;
			children = (
				50017D4F3075058D00EA13DB /* CalendarImporter.swift */,
				50017D503075058D00EA13DB /* ImportCalendarsView.swift */,
			);
			path = ImportaCalendari;
			sourceTree = "<group>";
		};
		50017D533075058D00EA13DB /* NuovoEvento */ = {
			isa = PBXGroup;
			children = (
				50017D523075058D00EA13DB /* NewEventSheet.swift */,
			);
			path = NuovoEvento;
			sourceTree = "<group>";
		};
		50017D553075058D00EA13DB /* Premi */ = {
			isa = PBXGroup;
			children = (
				50017D543075058D00EA13DB /* RewardsView.swift */,
				5E9F4E513075084C004DF84B /* MedalDetailView.swift */,
				5E9F4E5430750874004DF84B /* RewardsCategoryDetailView.swift */,
				5E9F4E5A3075132F004DF84B /* ProgressManager.swift */,
			);
			path = Premi;
			sourceTree = "<group>";
		};
		50017D5A3075058D00EA13DB /* Settimana */ = {
			isa = PBXGroup;
			children = (
				50017D563075058D00EA13DB /* MonthGridView.swift */,
				50017D573075058D00EA13DB /* ReportCalculator.swift */,
				50017D583075058D00EA13DB /* ReportView.swift */,
				50017D593075058D00EA13DB /* WeekView.swift */,
			);
			path = Settimana;
			sourceTree = "<group>";
		};
		50017D5B3075058D00EA13DB /* Screens */ = {
			isa = PBXGroup;
			children = (
				50017D493075058D00EA13DB /* Assistente */,
				50017D4B3075058D00EA13DB /* DettaglioEvento */,
				50017D4E3075058D00EA13DB /* Home */,
				50017D513075058D00EA13DB /* ImportaCalendari */,
				50017D533075058D00EA13DB /* NuovoEvento */,
				50017D553075058D00EA13DB /* Premi */,
				50017D5A3075058D00EA13DB /* Settimana */,
			);
			path = Screens;
			sourceTree = "<group>";
		};
		50017D603075058D00EA13DB /* Verifica */ = {
			isa = PBXGroup;
			children = (
				50017D5C3075058D00EA13DB /* NotificationManager.swift */,
				50017D5D3075058D00EA13DB /* VerificationCard.swift */,
				50017D5E3075058D00EA13DB /* VerificationView.swift */,
				50017D5F3075058D00EA13DB /* VerifyRow.swift */,
			);
			path = Verifica;
			sourceTree = "<group>";
		};
		50017D673075058D00EA13DB /* Watch */ = {
			isa = PBXGroup;
			children = (
				50017D613075058D00EA13DB /* cronoOrbitWatchApp.swift */,
				50017D623075058D00EA13DB /* WatchCalendarImporter.swift */,
				50017D633075058D00EA13DB /* WatchEventDetailView.swift */,
				50017D643075058D00EA13DB /* WatchEventStore.swift */,
				50017D653075058D00EA13DB /* WatchHomeView.swift */,
				50017D663075058D00EA13DB /* WatchSessionManager.swift */,
			);
			path = Watch;
			sourceTree = "<group>";
		};
		50017D6B3075058D00EA13DB /* cronoOrbit  */ = {
			isa = PBXGroup;
			children = (
				50017D3C3075058D00EA13DB /* App */,
				50017D3F3075058D00EA13DB /* Components */,
				50017D413075058D00EA13DB /* Models */,
				50017D443075058D00EA13DB /* Scheduling */,
				50017D5B3075058D00EA13DB /* Screens */,
				50017D603075058D00EA13DB /* Verifica */,
				50017D673075058D00EA13DB /* Watch */,
				50017D683075058D00EA13DB /* Assets.xcassets */,
				50017D693075058D00EA13DB /* InfoPlist.xcstrings */,
				50017D6A3075058D00EA13DB /* Localizable.xcstrings */,
			);
			path = "cronoOrbit ";
			sourceTree = "<group>";
		};
		5E44F52B306CF8370082727A = {
			isa = PBXGroup;
			children = (
				50017D6B3075058D00EA13DB /* cronoOrbit  */,
				5E44F535306CF8370082727A /* Products */,
			);
			sourceTree = "<group>";
		};
		5E44F535306CF8370082727A /* Products */ = {
			isa = PBXGroup;
			children = (
				5E44F534306CF8370082727A /* cronoOrbit.app */,
				50474C5B306E5A4500AAE6ED /* cronoOrbit watch Watch App.app */,
				50474C67306E5A4600AAE6ED /* cronoOrbit watch Watch AppTests.xctest */,
				50474C71306E5A4600AAE6ED /* cronoOrbit watch Watch AppUITests.xctest */,
			);
			name = Products;
			sourceTree = "<group>";
		};
/* End PBXGroup section */

/* Begin PBXNativeTarget section */
		50474C5A306E5A4500AAE6ED /* cronoOrbit watch Watch App */ = {
			isa = PBXNativeTarget;
			buildConfigurationList = 50474C7B306E5A4600AAE6ED /* Build configuration list for PBXNativeTarget "cronoOrbit watch Watch App" */;
			buildPhases = (
				50474C57306E5A4500AAE6ED /* Sources */,
				50474C58306E5A4500AAE6ED /* Frameworks */,
				50474C59306E5A4500AAE6ED /* Resources */,
			);
			buildRules = (
			);
			name = "cronoOrbit watch Watch App";
			productName = "cronoOrbit watch Watch App";
			productReference = 50474C5B306E5A4500AAE6ED /* cronoOrbit watch Watch App.app */;
			productType = "com.apple.product-type.application";
		};
		50474C66306E5A4600AAE6ED /* cronoOrbit watch Watch AppTests */ = {
			isa = PBXNativeTarget;
			buildConfigurationList = 50474C7E306E5A4600AAE6ED /* Build configuration list for PBXNativeTarget "cronoOrbit watch Watch AppTests" */;
			buildPhases = (
				50474C63306E5A4600AAE6ED /* Sources */,
				50474C64306E5A4600AAE6ED /* Frameworks */,
				50474C65306E5A4600AAE6ED /* Resources */,
			);
			buildRules = (
			);
			dependencies = (
				50474C69306E5A4600AAE6ED /* PBXTargetDependency */,
			);
			name = "cronoOrbit watch Watch AppTests";
			productName = "cronoOrbit watch Watch AppTests";
			productReference = 50474C67306E5A4600AAE6ED /* cronoOrbit watch Watch AppTests.xctest */;
			productType = "com.apple.product-type.bundle.unit-test";
		};
		50474C70306E5A4600AAE6ED /* cronoOrbit watch Watch AppUITests */ = {
			isa = PBXNativeTarget;
			buildConfigurationList = 50474C81306E5A4600AAE6ED /* Build configuration list for PBXNativeTarget "cronoOrbit watch Watch AppUITests" */;
			buildPhases = (
				50474C6D306E5A4600AAE6ED /* Sources */,
				50474C6E306E5A4600AAE6ED /* Frameworks */,
				50474C6F306E5A4600AAE6ED /* Resources */,
			);
			buildRules = (
			);
			dependencies = (
				50474C73306E5A4600AAE6ED /* PBXTargetDependency */,
				5E713992306E6ED20003BFC3 /* PBXTargetDependency */,
			);
			name = "cronoOrbit watch Watch AppUITests";
			productName = "cronoOrbit watch Watch AppUITests";
			productReference = 50474C71306E5A4600AAE6ED /* cronoOrbit watch Watch AppUITests.xctest */;
			productType = "com.apple.product-type.bundle.ui-testing";
		};
		5E44F533306CF8370082727A /* cronoOrbit */ = {
			isa = PBXNativeTarget;
			buildConfigurationList = 5E44F541306CF8380082727A /* Build configuration list for PBXNativeTarget "cronoOrbit" */;
			buildPhases = (
				5E44F530306CF8370082727A /* Sources */,
				5E44F531306CF8370082727A /* Frameworks */,
				5E44F532306CF8370082727A /* Resources */,
				50474C79306E5A4600AAE6ED /* Embed Watch Content */,
			);
			buildRules = (
			);
			dependencies = (
				50474C78306E5A4600AAE6ED /* PBXTargetDependency */,
			);
			name = cronoOrbit;
			productName = cronoOrbit;
			productReference = 5E44F534306CF8370082727A /* cronoOrbit.app */;
			productType = "com.apple.product-type.application";
		};
/* End PBXNativeTarget section */

/* Begin PBXProject section */
		5E44F52C306CF8370082727A /* Project object */ = {
			isa = PBXProject;
			attributes = {
				BuildIndependentTargetsInParallel = 1;
				LastSwiftUpdateCheck = 2700;
				LastUpgradeCheck = 2700;
				TargetAttributes = {
					50474C5A306E5A4500AAE6ED = {
						CreatedOnToolsVersion = 27.0;
					};
					50474C66306E5A4600AAE6ED = {
						CreatedOnToolsVersion = 27.0;
						TestTargetID = 50474C5A306E5A4500AAE6ED;
					};
					50474C70306E5A4600AAE6ED = {
						CreatedOnToolsVersion = 27.0;
						TestTargetID = 50474C5A306E5A4500AAE6ED;
					};
					5E44F533306CF8370082727A = {
						CreatedOnToolsVersion = 27.0;
					};
				};
			};
			buildConfigurationList = 5E44F52F306CF8370082727A /* Build configuration list for PBXProject "cronoOrbit" */;
			developmentRegion = en;
			hasScannedForEncodings = 0;
			knownRegions = (
				de,
				es,
				fr,
				it,
				en,
				Base,
			);
			mainGroup = 5E44F52B306CF8370082727A;
			minimizedProjectReferenceProxies = 1;
			preferredProjectObjectVersion = 77;
			productRefGroup = 5E44F535306CF8370082727A /* Products */;
			projectDirPath = "";
			projectRoot = "";
			targets = (
				5E44F533306CF8370082727A /* cronoOrbit */,
				50474C5A306E5A4500AAE6ED /* cronoOrbit watch Watch App */,
				50474C66306E5A4600AAE6ED /* cronoOrbit watch Watch AppTests */,
				50474C70306E5A4600AAE6ED /* cronoOrbit watch Watch AppUITests */,
			);
		};
/* End PBXProject section */

/* Begin PBXResourcesBuildPhase section */
		50474C59306E5A4500AAE6ED /* Resources */ = {
			isa = PBXResourcesBuildPhase;
			files = (
				50017D8D3075058D00EA13DB /* Assets.xcassets in Resources */,
				50017D8E3075058D00EA13DB /* Localizable.xcstrings in Resources */,
				50017D8F3075058D00EA13DB /* InfoPlist.xcstrings in Resources */,
			);
		};
		50474C65306E5A4600AAE6ED /* Resources */ = {
			isa = PBXResourcesBuildPhase;
			files = (
			);
		};
		50474C6F306E5A4600AAE6ED /* Resources */ = {
			isa = PBXResourcesBuildPhase;
			files = (
			);
		};
		5E44F532306CF8370082727A /* Resources */ = {
			isa = PBXResourcesBuildPhase;
			files = (
				50017D903075058D00EA13DB /* Assets.xcassets in Resources */,
				50017D913075058D00EA13DB /* Localizable.xcstrings in Resources */,
				50017D923075058D00EA13DB /* InfoPlist.xcstrings in Resources */,
			);
		};
/* End PBXResourcesBuildPhase section */

/* Begin PBXSourcesBuildPhase section */
		50474C57306E5A4500AAE6ED /* Sources */ = {
			isa = PBXSourcesBuildPhase;
			files = (
				50017D6C3075058D00EA13DB /* ReportView.swift in Sources */,
				50017D6D3075058D00EA13DB /* Scheduler.swift in Sources */,
				50017D6E3075058D00EA13DB /* cronoOrbitWatchApp.swift in Sources */,
				50017D6F3075058D00EA13DB /* MonthGridView.swift in Sources */,
				50017D703075058D00EA13DB /* CalendarImporter.swift in Sources */,
				50017D713075058D00EA13DB /* RootView.swift in Sources */,
				50017D723075058D00EA13DB /* EventDetailView.swift in Sources */,
				50017D733075058D00EA13DB /* AssistantService.swift in Sources */,
				50017D743075058D00EA13DB /* ReportCalculator.swift in Sources */,
				50017D753075058D00EA13DB /* EventMatcher.swift in Sources */,
				50017D763075058D00EA13DB /* NewEventSheet.swift in Sources */,
				50017D773075058D00EA13DB /* WatchHomeView.swift in Sources */,
				50017D783075058D00EA13DB /* AssistantViewModel.swift in Sources */,
				5E9F4E5530750874004DF84B /* RewardsCategoryDetailView.swift in Sources */,
				50017D793075058D00EA13DB /* RewardsView.swift in Sources */,
				50017D7A3075058D00EA13DB /* DayRing.swift in Sources */,
				5E9F4E5B3075132F004DF84B /* ProgressManager.swift in Sources */,
				50017D7B3075058D00EA13DB /* LocalParser.swift in Sources */,
				50017D7C3075058D00EA13DB /* VerificationCard.swift in Sources */,
				5E9F4E523075084C004DF84B /* MedalDetailView.swift in Sources */,
				50017D7D3075058D00EA13DB /* VerificationView.swift in Sources */,
				50017D7E3075058D00EA13DB /* NotificationManager.swift in Sources */,
				50017D7F3075058D00EA13DB /* WatchEventDetailView.swift in Sources */,
				50017D803075058D00EA13DB /* WatchSessionManager.swift in Sources */,
				50017D813075058D00EA13DB /* AssistantView.swift in Sources */,
				50017D823075058D00EA13DB /* PhoneConnectivity.swift in Sources */,
				50017D833075058D00EA13DB /* WeekView.swift in Sources */,
				50017D843075058D00EA13DB /* ImportCalendarsView.swift in Sources */,
				50017D853075058D00EA13DB /* VerifyRow.swift in Sources */,
				50017D863075058D00EA13DB /* HomeView.swift in Sources */,
				50017D873075058D00EA13DB /* EventRow.swift in Sources */,
				50017D883075058D00EA13DB /* WatchEventStore.swift in Sources */,
				50017D893075058D00EA13DB /* WatchCalendarImporter.swift in Sources */,
				50017D8A3075058D00EA13DB /* Models.swift in Sources */,
				50017D8B3075058D00EA13DB /* Glass.swift in Sources */,
				50017D8C3075058D00EA13DB /* cronoOrbitApp.swift in Sources */,
			);
		};
		50474C63306E5A4600AAE6ED /* Sources */ = {
			isa = PBXSourcesBuildPhase;
			files = (
			);
		};
		50474C6D306E5A4600AAE6ED /* Sources */ = {
			isa = PBXSourcesBuildPhase;
			files = (
			);
		};
		5E44F530306CF8370082727A /* Sources */ = {
			isa = PBXSourcesBuildPhase;
			files = (
				50017D933075058D00EA13DB /* ReportView.swift in Sources */,
				50017D943075058D00EA13DB /* Scheduler.swift in Sources */,
				50017D953075058D00EA13DB /* cronoOrbitWatchApp.swift in Sources */,
				50017D963075058D00EA13DB /* MonthGridView.swift in Sources */,
				50017D973075058D00EA13DB /* CalendarImporter.swift in Sources */,
				50017D983075058D00EA13DB /* RootView.swift in Sources */,
				50017D993075058D00EA13DB /* EventDetailView.swift in Sources */,
				50017D9A3075058D00EA13DB /* AssistantService.swift in Sources */,
				50017D9B3075058D00EA13DB /* ReportCalculator.swift in Sources */,
				50017D9C3075058D00EA13DB /* EventMatcher.swift in Sources */,
				50017D9D3075058D00EA13DB /* NewEventSheet.swift in Sources */,
				50017D9E3075058D00EA13DB /* WatchHomeView.swift in Sources */,
				50017D9F3075058D00EA13DB /* AssistantViewModel.swift in Sources */,
				5E9F4E5630750874004DF84B /* RewardsCategoryDetailView.swift in Sources */,
				50017DA03075058D00EA13DB /* RewardsView.swift in Sources */,
				50017DA13075058D00EA13DB /* DayRing.swift in Sources */,
				5E9F4E5C3075132F004DF84B /* ProgressManager.swift in Sources */,
				50017DA23075058D00EA13DB /* LocalParser.swift in Sources */,
				50017DA33075058D00EA13DB /* VerificationCard.swift in Sources */,
				5E9F4E533075084C004DF84B /* MedalDetailView.swift in Sources */,
				50017DA43075058D00EA13DB /* VerificationView.swift in Sources */,
				50017DA53075058D00EA13DB /* NotificationManager.swift in Sources */,
				50017DA63075058D00EA13DB /* WatchEventDetailView.swift in Sources */,
				50017DA73075058D00EA13DB /* WatchSessionManager.swift in Sources */,
				50017DA83075058D00EA13DB /* AssistantView.swift in Sources */,
				50017DA93075058D00EA13DB /* PhoneConnectivity.swift in Sources */,
				50017DAA3075058D00EA13DB /* WeekView.swift in Sources */,
				50017DAB3075058D00EA13DB /* ImportCalendarsView.swift in Sources */,
				50017DAC3075058D00EA13DB /* VerifyRow.swift in Sources */,
				50017DAD3075058D00EA13DB /* HomeView.swift in Sources */,
				50017DAE3075058D00EA13DB /* EventRow.swift in Sources */,
				50017DAF3075058D00EA13DB /* WatchEventStore.swift in Sources */,
				50017DB03075058D00EA13DB /* WatchCalendarImporter.swift in Sources */,
				50017DB13075058D00EA13DB /* Models.swift in Sources */,
				50017DB23075058D00EA13DB /* Glass.swift in Sources */,
				50017DB33075058D00EA13DB /* cronoOrbitApp.swift in Sources */,
			);
		};
/* End PBXSourcesBuildPhase section */

/* Begin PBXTargetDependency section */
		50474C69306E5A4600AAE6ED /* PBXTargetDependency */ = {
			isa = PBXTargetDependency;
			target = 50474C5A306E5A4500AAE6ED /* cronoOrbit watch Watch App */;
			targetProxy = 50474C68306E5A4600AAE6ED /* PBXContainerItemProxy */;
		};
		50474C73306E5A4600AAE6ED /* PBXTargetDependency */ = {
			isa = PBXTargetDependency;
			target = 50474C5A306E5A4500AAE6ED /* cronoOrbit watch Watch App */;
			targetProxy = 50474C72306E5A4600AAE6ED /* PBXContainerItemProxy */;
		};
		50474C78306E5A4600AAE6ED /* PBXTargetDependency */ = {
			isa = PBXTargetDependency;
			target = 50474C5A306E5A4500AAE6ED /* cronoOrbit watch Watch App */;
			targetProxy = 50474C77306E5A4600AAE6ED /* PBXContainerItemProxy */;
		};
		5E713992306E6ED20003BFC3 /* PBXTargetDependency */ = {
			isa = PBXTargetDependency;
			target = 5E44F533306CF8370082727A /* cronoOrbit */;
			targetProxy = 5E713991306E6ED20003BFC3 /* PBXContainerItemProxy */;
		};
/* End PBXTargetDependency section */

/* Begin XCBuildConfiguration section */
		50474C7C306E5A4600AAE6ED /* Debug configuration for PBXNativeTarget "cronoOrbit watch Watch App" */ = {
			isa = XCBuildConfiguration;
			buildSettings = {
				ASSETCATALOG_COMPILER_APPICON_NAME = AppIcon;
				ASSETCATALOG_COMPILER_GLOBAL_ACCENT_COLOR_NAME = AccentColor;
				ASSETCATALOG_COMPILER_INCLUDE_ALL_APPICON_ASSETS = NO;
				CODE_SIGN_STYLE = Automatic;
				CURRENT_PROJECT_VERSION = 1;
				DEVELOPMENT_TEAM = 9HDAPP52S4;
				ENABLE_PREVIEWS = YES;
				GENERATE_INFOPLIST_FILE = YES;
				INFOPLIST_KEY_CFBundleDisplayName = "lore-shgiu-shguhaspUGFHPu";
				INFOPLIST_KEY_UISupportedInterfaceOrientations = "UIInterfaceOrientationPortrait UIInterfaceOrientationPortraitUpsideDown";
				INFOPLIST_KEY_WKCompanionAppBundleIdentifier = "lore-shgiu-shguhaspUGFHPu";
				LD_RUNPATH_SEARCH_PATHS = (
					"$(inherited)",
					"@executable_path/Frameworks",
				);
				MARKETING_VERSION = 1.0;
				PRODUCT_BUNDLE_IDENTIFIER = "lore-shgiu-shguhaspUGFHPu.watchkitapp";
				PRODUCT_NAME = "$(TARGET_NAME)";
				SDKROOT = watchos;
				SKIP_INSTALL = YES;
				STRING_CATALOG_GENERATE_SYMBOLS = YES;
				SWIFT_APPROACHABLE_CONCURRENCY = YES;
				SWIFT_DEFAULT_ACTOR_ISOLATION = MainActor;
				SWIFT_EMIT_LOC_STRINGS = YES;
				SWIFT_UPCOMING_FEATURE_MEMBER_IMPORT_VISIBILITY = YES;
				SWIFT_VERSION = 5.0;
				TARGETED_DEVICE_FAMILY = 4;
				WATCHOS_DEPLOYMENT_TARGET = 27.0;
			};
			name = Debug;
		};
		50474C7D306E5A4600AAE6ED /* Release configuration for PBXNativeTarget "cronoOrbit watch Watch App" */ = {
			isa = XCBuildConfiguration;
			buildSettings = {
				ASSETCATALOG_COMPILER_APPICON_NAME = AppIcon;
				ASSETCATALOG_COMPILER_GLOBAL_ACCENT_COLOR_NAME = AccentColor;
				ASSETCATALOG_COMPILER_INCLUDE_ALL_APPICON_ASSETS = NO;
				CODE_SIGN_STYLE = Automatic;
				CURRENT_PROJECT_VERSION = 1;
				DEVELOPMENT_TEAM = 9HDAPP52S4;
				ENABLE_PREVIEWS = YES;
				GENERATE_INFOPLIST_FILE = YES;
				INFOPLIST_KEY_CFBundleDisplayName = "lore-shgiu-shguhaspUGFHPu";
				INFOPLIST_KEY_UISupportedInterfaceOrientations = "UIInterfaceOrientationPortrait UIInterfaceOrientationPortraitUpsideDown";
				INFOPLIST_KEY_WKCompanionAppBundleIdentifier = "lore-shgiu-shguhaspUGFHPu";
				LD_RUNPATH_SEARCH_PATHS = (
					"$(inherited)",
					"@executable_path/Frameworks",
				);
				MARKETING_VERSION = 1.0;
				PRODUCT_BUNDLE_IDENTIFIER = "lore-shgiu-shguhaspUGFHPu.watchkitapp";
				PRODUCT_NAME = "$(TARGET_NAME)";
				SDKROOT = watchos;
				SKIP_INSTALL = YES;
				STRING_CATALOG_GENERATE_SYMBOLS = YES;
				SWIFT_APPROACHABLE_CONCURRENCY = YES;
				SWIFT_DEFAULT_ACTOR_ISOLATION = MainActor;
				SWIFT_EMIT_LOC_STRINGS = YES;
				SWIFT_UPCOMING_FEATURE_MEMBER_IMPORT_VISIBILITY = YES;
				SWIFT_VERSION = 5.0;
				TARGETED_DEVICE_FAMILY = 4;
				WATCHOS_DEPLOYMENT_TARGET = 27.0;
			};
			name = Release;
		};
		50474C7F306E5A4600AAE6ED /* Debug configuration for PBXNativeTarget "cronoOrbit watch Watch AppTests" */ = {
			isa = XCBuildConfiguration;
			buildSettings = {
				BUNDLE_LOADER = "$(TEST_HOST)";
				CODE_SIGN_STYLE = Automatic;
				CURRENT_PROJECT_VERSION = 1;
				DEVELOPMENT_TEAM = J47YM9N4SK;
				GENERATE_INFOPLIST_FILE = YES;
				MARKETING_VERSION = 1.0;
				PRODUCT_BUNDLE_IDENTIFIER = "Lore.cronoOrbit-watch-Watch-AppTests";
				PRODUCT_NAME = "$(TARGET_NAME)";
				SDKROOT = watchos;
				STRING_CATALOG_GENERATE_SYMBOLS = NO;
				SWIFT_APPROACHABLE_CONCURRENCY = YES;
				SWIFT_EMIT_LOC_STRINGS = NO;
				SWIFT_UPCOMING_FEATURE_MEMBER_IMPORT_VISIBILITY = YES;
				SWIFT_VERSION = 5.0;
				TARGETED_DEVICE_FAMILY = 4;
				TEST_HOST = "$(BUILT_PRODUCTS_DIR)/cronoOrbit watch Watch App.app/$(BUNDLE_EXECUTABLE_FOLDER_PATH)/cronoOrbit watch Watch App";
				WATCHOS_DEPLOYMENT_TARGET = 27.0;
			};
			name = Debug;
		};
		50474C80306E5A4600AAE6ED /* Release configuration for PBXNativeTarget "cronoOrbit watch Watch AppTests" */ = {
			isa = XCBuildConfiguration;
			buildSettings = {
				BUNDLE_LOADER = "$(TEST_HOST)";
				CODE_SIGN_STYLE = Automatic;
				CURRENT_PROJECT_VERSION = 1;
				DEVELOPMENT_TEAM = J47YM9N4SK;
				GENERATE_INFOPLIST_FILE = YES;
				MARKETING_VERSION = 1.0;
				PRODUCT_BUNDLE_IDENTIFIER = "Lore.cronoOrbit-watch-Watch-AppTests";
				PRODUCT_NAME = "$(TARGET_NAME)";
				SDKROOT = watchos;
				STRING_CATALOG_GENERATE_SYMBOLS = NO;
				SWIFT_APPROACHABLE_CONCURRENCY = YES;
				SWIFT_EMIT_LOC_STRINGS = NO;
				SWIFT_UPCOMING_FEATURE_MEMBER_IMPORT_VISIBILITY = YES;
				SWIFT_VERSION = 5.0;
				TARGETED_DEVICE_FAMILY = 4;
				TEST_HOST = "$(BUILT_PRODUCTS_DIR)/cronoOrbit watch Watch App.app/$(BUNDLE_EXECUTABLE_FOLDER_PATH)/cronoOrbit watch Watch App";
				WATCHOS_DEPLOYMENT_TARGET = 27.0;
			};
			name = Release;
		};
		50474C82306E5A4600AAE6ED /* Debug configuration for PBXNativeTarget "cronoOrbit watch Watch AppUITests" */ = {
			isa = XCBuildConfiguration;
			buildSettings = {
				CODE_SIGN_STYLE = Automatic;
				CURRENT_PROJECT_VERSION = 1;
				DEVELOPMENT_TEAM = J47YM9N4SK;
				GENERATE_INFOPLIST_FILE = YES;
				MARKETING_VERSION = 1.0;
				PRODUCT_BUNDLE_IDENTIFIER = "Lore.cronoOrbit-watch-Watch-AppUITests";
				PRODUCT_NAME = "$(TARGET_NAME)";
				SDKROOT = watchos;
				STRING_CATALOG_GENERATE_SYMBOLS = NO;
				SWIFT_APPROACHABLE_CONCURRENCY = YES;
				SWIFT_EMIT_LOC_STRINGS = NO;
				SWIFT_UPCOMING_FEATURE_MEMBER_IMPORT_VISIBILITY = YES;
				SWIFT_VERSION = 5.0;
				TARGETED_DEVICE_FAMILY = 4;
				TEST_TARGET_NAME = "cronoOrbit watch Watch App";
				WATCHOS_DEPLOYMENT_TARGET = 27.0;
			};
			name = Debug;
		};
		50474C83306E5A4600AAE6ED /* Release configuration for PBXNativeTarget "cronoOrbit watch Watch AppUITests" */ = {
			isa = XCBuildConfiguration;
			buildSettings = {
				CODE_SIGN_STYLE = Automatic;
				CURRENT_PROJECT_VERSION = 1;
				DEVELOPMENT_TEAM = J47YM9N4SK;
				GENERATE_INFOPLIST_FILE = YES;
				MARKETING_VERSION = 1.0;
				PRODUCT_BUNDLE_IDENTIFIER = "Lore.cronoOrbit-watch-Watch-AppUITests";
				PRODUCT_NAME = "$(TARGET_NAME)";
				SDKROOT = watchos;
				STRING_CATALOG_GENERATE_SYMBOLS = NO;
				SWIFT_APPROACHABLE_CONCURRENCY = YES;
				SWIFT_EMIT_LOC_STRINGS = NO;
				SWIFT_UPCOMING_FEATURE_MEMBER_IMPORT_VISIBILITY = YES;
				SWIFT_VERSION = 5.0;
				TARGETED_DEVICE_FAMILY = 4;
				TEST_TARGET_NAME = "cronoOrbit watch Watch App";
				WATCHOS_DEPLOYMENT_TARGET = 27.0;
			};
			name = Release;
		};
		5E44F53F306CF8380082727A /* Debug configuration for PBXProject "cronoOrbit" */ = {
			isa = XCBuildConfiguration;
			buildSettings = {
				ALWAYS_SEARCH_USER_PATHS = NO;
				ASSETCATALOG_COMPILER_GENERATE_SWIFT_ASSET_SYMBOL_EXTENSIONS = YES;
				CLANG_ANALYZER_NONNULL = YES;
				CLANG_ANALYZER_NUMBER_OBJECT_CONVERSION = YES_AGGRESSIVE;
				CLANG_CXX_LANGUAGE_STANDARD = "gnu++20";
				CLANG_ENABLE_MODULES = YES;
				CLANG_ENABLE_OBJC_ARC = YES;
				CLANG_ENABLE_OBJC_WEAK = YES;
				CLANG_WARN_BLOCK_CAPTURE_AUTORELEASING = YES;
				CLANG_WARN_BOOL_CONVERSION = YES;
				CLANG_WARN_COMMA = YES;
				CLANG_WARN_CONSTANT_CONVERSION = YES;
				CLANG_WARN_DEPRECATED_OBJC_IMPLEMENTATIONS = YES;
				CLANG_WARN_DIRECT_OBJC_ISA_USAGE = YES_ERROR;
				CLANG_WARN_DOCUMENTATION_COMMENTS = YES;
				CLANG_WARN_EMPTY_BODY = YES;
				CLANG_WARN_ENUM_CONVERSION = YES;
				CLANG_WARN_INFINITE_RECURSION = YES;
				CLANG_WARN_INT_CONVERSION = YES;
				CLANG_WARN_NON_LITERAL_NULL_CONVERSION = YES;
				CLANG_WARN_OBJC_IMPLICIT_RETAIN_SELF = YES;
				CLANG_WARN_OBJC_LITERAL_CONVERSION = YES;
				CLANG_WARN_OBJC_ROOT_CLASS = YES_ERROR;
				CLANG_WARN_QUOTED_INCLUDE_IN_FRAMEWORK_HEADER = YES;
				CLANG_WARN_RANGE_LOOP_ANALYSIS = YES;
				CLANG_WARN_STRICT_PROTOTYPES = YES;
				CLANG_WARN_SUSPICIOUS_MOVE = YES;
				CLANG_WARN_UNGUARDED_AVAILABILITY = YES_AGGRESSIVE;
				CLANG_WARN_UNREACHABLE_CODE = YES;
				CLANG_WARN__DUPLICATE_METHOD_MATCH = YES;
				COPY_PHASE_STRIP = NO;
				DEBUG_INFORMATION_FORMAT = dwarf;
				DEVELOPMENT_TEAM = J47YM9N4SK;
				ENABLE_STRICT_OBJC_MSGSEND = YES;
				ENABLE_TESTABILITY = YES;
				ENABLE_USER_SCRIPT_SANDBOXING = YES;
				GCC_C_LANGUAGE_STANDARD = gnu17;
				GCC_DYNAMIC_NO_PIC = NO;
				GCC_NO_COMMON_BLOCKS = YES;
				GCC_OPTIMIZATION_LEVEL = 0;
				GCC_PREPROCESSOR_DEFINITIONS = (
					"DEBUG=1",
					"$(inherited)",
				);
				GCC_WARN_64_TO_32_BIT_CONVERSION = YES;
				GCC_WARN_ABOUT_RETURN_TYPE = YES_ERROR;
				GCC_WARN_UNDECLARED_SELECTOR = YES;
				GCC_WARN_UNINITIALIZED_AUTOS = YES_AGGRESSIVE;
				GCC_WARN_UNUSED_FUNCTION = YES;
				GCC_WARN_UNUSED_VARIABLE = YES;
				IPHONEOS_DEPLOYMENT_TARGET = 27.0;
				LOCALIZATION_PREFERS_STRING_CATALOGS = YES;
				MTL_ENABLE_DEBUG_INFO = INCLUDE_SOURCE;
				MTL_FAST_MATH = YES;
				ONLY_ACTIVE_ARCH = YES;
				SDKROOT = iphoneos;
				SWIFT_ACTIVE_COMPILATION_CONDITIONS = "DEBUG $(inherited)";
				SWIFT_OPTIMIZATION_LEVEL = "-Onone";
			};
			name = Debug;
		};
		5E44F540306CF8380082727A /* Release configuration for PBXProject "cronoOrbit" */ = {
			isa = XCBuildConfiguration;
			buildSettings = {
				ALWAYS_SEARCH_USER_PATHS = NO;
				ASSETCATALOG_COMPILER_GENERATE_SWIFT_ASSET_SYMBOL_EXTENSIONS = YES;
				CLANG_ANALYZER_NONNULL = YES;
				CLANG_ANALYZER_NUMBER_OBJECT_CONVERSION = YES_AGGRESSIVE;
				CLANG_CXX_LANGUAGE_STANDARD = "gnu++20";
				CLANG_ENABLE_MODULES = YES;
				CLANG_ENABLE_OBJC_ARC = YES;
				CLANG_ENABLE_OBJC_WEAK = YES;
				CLANG_WARN_BLOCK_CAPTURE_AUTORELEASING = YES;
				CLANG_WARN_BOOL_CONVERSION = YES;
				CLANG_WARN_COMMA = YES;
				CLANG_WARN_CONSTANT_CONVERSION = YES;
				CLANG_WARN_DEPRECATED_OBJC_IMPLEMENTATIONS = YES;
				CLANG_WARN_DIRECT_OBJC_ISA_USAGE = YES_ERROR;
				CLANG_WARN_DOCUMENTATION_COMMENTS = YES;
				CLANG_WARN_EMPTY_BODY = YES;
				CLANG_WARN_ENUM_CONVERSION = YES;
				CLANG_WARN_INFINITE_RECURSION = YES;
				CLANG_WARN_INT_CONVERSION = YES;
				CLANG_WARN_NON_LITERAL_NULL_CONVERSION = YES;
				CLANG_WARN_OBJC_IMPLICIT_RETAIN_SELF = YES;
				CLANG_WARN_OBJC_LITERAL_CONVERSION = YES;
				CLANG_WARN_OBJC_ROOT_CLASS = YES_ERROR;
				CLANG_WARN_QUOTED_INCLUDE_IN_FRAMEWORK_HEADER = YES;
				CLANG_WARN_RANGE_LOOP_ANALYSIS = YES;
				CLANG_WARN_STRICT_PROTOTYPES = YES;
				CLANG_WARN_SUSPICIOUS_MOVE = YES;
				CLANG_WARN_UNGUARDED_AVAILABILITY = YES_AGGRESSIVE;
				CLANG_WARN_UNREACHABLE_CODE = YES;
				CLANG_WARN__DUPLICATE_METHOD_MATCH = YES;
				COPY_PHASE_STRIP = NO;
				DEBUG_INFORMATION_FORMAT = "dwarf-with-dsym";
				DEVELOPMENT_TEAM = J47YM9N4SK;
				ENABLE_NS_ASSERTIONS = NO;
				ENABLE_STRICT_OBJC_MSGSEND = YES;
				ENABLE_USER_SCRIPT_SANDBOXING = YES;
				GCC_C_LANGUAGE_STANDARD = gnu17;
				GCC_NO_COMMON_BLOCKS = YES;
				GCC_WARN_64_TO_32_BIT_CONVERSION = YES;
				GCC_WARN_ABOUT_RETURN_TYPE = YES_ERROR;
				GCC_WARN_UNDECLARED_SELECTOR = YES;
				GCC_WARN_UNINITIALIZED_AUTOS = YES_AGGRESSIVE;
				GCC_WARN_UNUSED_FUNCTION = YES;
				GCC_WARN_UNUSED_VARIABLE = YES;
				IPHONEOS_DEPLOYMENT_TARGET = 27.0;
				LOCALIZATION_PREFERS_STRING_CATALOGS = YES;
				MTL_ENABLE_DEBUG_INFO = NO;
				MTL_FAST_MATH = YES;
				SDKROOT = iphoneos;
				SWIFT_COMPILATION_MODE = wholemodule;
				VALIDATE_PRODUCT = YES;
			};
			name = Release;
		};
		5E44F542306CF8380082727A /* Debug configuration for PBXNativeTarget "cronoOrbit" */ = {
			isa = XCBuildConfiguration;
			buildSettings = {
				ASSETCATALOG_COMPILER_APPICON_NAME = AppIcon;
				ASSETCATALOG_COMPILER_GLOBAL_ACCENT_COLOR_NAME = AccentColor;
				CODE_SIGN_STYLE = Automatic;
				CURRENT_PROJECT_VERSION = 1;
				DEVELOPMENT_TEAM = 9HDAPP52S4;
				ENABLE_PREVIEWS = YES;
				GENERATE_INFOPLIST_FILE = YES;
				INFOPLIST_FILE = "";
				INFOPLIST_KEY_NSCalendarsFullAccessUsageDescription = "serve per importare i calendari";
				INFOPLIST_KEY_UIApplicationSceneManifest_Generation = YES;
				INFOPLIST_KEY_UIApplicationSupportsIndirectInputEvents = YES;
				INFOPLIST_KEY_UILaunchScreen_Generation = YES;
				INFOPLIST_KEY_UISupportedInterfaceOrientations_iPad = "UIInterfaceOrientationPortrait UIInterfaceOrientationPortraitUpsideDown UIInterfaceOrientationLandscapeLeft UIInterfaceOrientationLandscapeRight";
				INFOPLIST_KEY_UISupportedInterfaceOrientations_iPhone = "UIInterfaceOrientationPortrait UIInterfaceOrientationLandscapeLeft UIInterfaceOrientationLandscapeRight";
				LD_RUNPATH_SEARCH_PATHS = (
					"$(inherited)",
					"@executable_path/Frameworks",
				);
				MARKETING_VERSION = 1.0;
				PRODUCT_BUNDLE_IDENTIFIER = "lore-shgiu-shguhaspUGFHPu";
				PRODUCT_NAME = "$(TARGET_NAME)";
				STRING_CATALOG_GENERATE_SYMBOLS = YES;
				SWIFT_APPROACHABLE_CONCURRENCY = YES;
				SWIFT_DEFAULT_ACTOR_ISOLATION = MainActor;
				SWIFT_EMIT_LOC_STRINGS = YES;
				SWIFT_UPCOMING_FEATURE_MEMBER_IMPORT_VISIBILITY = YES;
				SWIFT_VERSION = 5.0;
				TARGETED_DEVICE_FAMILY = "1,2";
			};
			name = Debug;
		};
		5E44F543306CF8380082727A /* Release configuration for PBXNativeTarget "cronoOrbit" */ = {
			isa = XCBuildConfiguration;
			buildSettings = {
				ASSETCATALOG_COMPILER_APPICON_NAME = AppIcon;
				ASSETCATALOG_COMPILER_GLOBAL_ACCENT_COLOR_NAME = AccentColor;
				CODE_SIGN_STYLE = Automatic;
				CURRENT_PROJECT_VERSION = 1;
				DEVELOPMENT_TEAM = 9HDAPP52S4;
				ENABLE_PREVIEWS = YES;
				GENERATE_INFOPLIST_FILE = YES;
				INFOPLIST_FILE = "";
				INFOPLIST_KEY_NSCalendarsFullAccessUsageDescription = "serve per importare i calendari";
				INFOPLIST_KEY_UIApplicationSceneManifest_Generation = YES;
				INFOPLIST_KEY_UIApplicationSupportsIndirectInputEvents = YES;
				INFOPLIST_KEY_UILaunchScreen_Generation = YES;
				INFOPLIST_KEY_UISupportedInterfaceOrientations_iPad = "UIInterfaceOrientationPortrait UIInterfaceOrientationPortraitUpsideDown UIInterfaceOrientationLandscapeLeft UIInterfaceOrientationLandscapeRight";
				INFOPLIST_KEY_UISupportedInterfaceOrientations_iPhone = "UIInterfaceOrientationPortrait UIInterfaceOrientationLandscapeLeft UIInterfaceOrientationLandscapeRight";
				LD_RUNPATH_SEARCH_PATHS = (
					"$(inherited)",
					"@executable_path/Frameworks",
				);
				MARKETING_VERSION = 1.0;
				PRODUCT_BUNDLE_IDENTIFIER = "lore-shgiu-shguhaspUGFHPu";
				PRODUCT_NAME = "$(TARGET_NAME)";
				STRING_CATALOG_GENERATE_SYMBOLS = YES;
				SWIFT_APPROACHABLE_CONCURRENCY = YES;
				SWIFT_DEFAULT_ACTOR_ISOLATION = MainActor;
				SWIFT_EMIT_LOC_STRINGS = YES;
				SWIFT_UPCOMING_FEATURE_MEMBER_IMPORT_VISIBILITY = YES;
				SWIFT_VERSION = 5.0;
				TARGETED_DEVICE_FAMILY = "1,2";
			};
			name = Release;
		};
/* End XCBuildConfiguration section */

/* Begin XCConfigurationList section */
		50474C7B306E5A4600AAE6ED /* Build configuration list for PBXNativeTarget "cronoOrbit watch Watch App" */ = {
			isa = XCConfigurationList;
			buildConfigurations = (
				50474C7C306E5A4600AAE6ED /* Debug configuration for PBXNativeTarget "cronoOrbit watch Watch App" */,
				50474C7D306E5A4600AAE6ED /* Release configuration for PBXNativeTarget "cronoOrbit watch Watch App" */,
			);
			defaultConfigurationName = Release;
		};
		50474C7E306E5A4600AAE6ED /* Build configuration list for PBXNativeTarget "cronoOrbit watch Watch AppTests" */ = {
			isa = XCConfigurationList;
			buildConfigurations = (
				50474C7F306E5A4600AAE6ED /* Debug configuration for PBXNativeTarget "cronoOrbit watch Watch AppTests" */,
				50474C80306E5A4600AAE6ED /* Release configuration for PBXNativeTarget "cronoOrbit watch Watch AppTests" */,
			);
			defaultConfigurationName = Release;
		};
		50474C81306E5A4600AAE6ED /* Build configuration list for PBXNativeTarget "cronoOrbit watch Watch AppUITests" */ = {
			isa = XCConfigurationList;
			buildConfigurations = (
				50474C82306E5A4600AAE6ED /* Debug configuration for PBXNativeTarget "cronoOrbit watch Watch AppUITests" */,
				50474C83306E5A4600AAE6ED /* Release configuration for PBXNativeTarget "cronoOrbit watch Watch AppUITests" */,
			);
			defaultConfigurationName = Release;
		};
		5E44F52F306CF8370082727A /* Build configuration list for PBXProject "cronoOrbit" */ = {
			isa = XCConfigurationList;
			buildConfigurations = (
				5E44F53F306CF8380082727A /* Debug configuration for PBXProject "cronoOrbit" */,
				5E44F540306CF8380082727A /* Release configuration for PBXProject "cronoOrbit" */,
			);
			defaultConfigurationName = Release;
		};
		5E44F541306CF8380082727A /* Build configuration list for PBXNativeTarget "cronoOrbit" */ = {
			isa = XCConfigurationList;
			buildConfigurations = (
				5E44F542306CF8380082727A /* Debug configuration for PBXNativeTarget "cronoOrbit" */,
				5E44F543306CF8380082727A /* Release configuration for PBXNativeTarget "cronoOrbit" */,
			);
			defaultConfigurationName = Release;
		};
/* End XCConfigurationList section */
	};
	rootObject = 5E44F52C306CF8370082727A /* Project object */;
	validationLevel = 1;
}
